// !$*UTF8*$!
{
	archiveVersion = 1;
	classes = {
	};
	objectVersion = 51;
	objects = {

/* Begin PBXBuildFile section */
		76F6FE75FB1C399ACE318154 /* Pods_RxPlayground.framework in Frameworks */ = {isa = PBXBuildFile; fileRef = 36BF156BDB6E6BBBB2CE9444 /* Pods_RxPlayground.framework */; };
		DE4E45B92628388900EF9CA5 /* Rx+UIViewController.swift in Sources */ = {isa = PBXBuildFile; fileRef = DE4E45B82628388900EF9CA5 /* Rx+UIViewController.swift */; };
		DECB6EC42624398000D59C09 /* AppDelegate.swift in Sources */ = {isa = PBXBuildFile; fileRef = DECB6EC32624398000D59C09 /* AppDelegate.swift */; };
		DECB6EC62624398000D59C09 /* SceneDelegate.swift in Sources */ = {isa = PBXBuildFile; fileRef = DECB6EC52624398000D59C09 /* SceneDelegate.swift */; };
		DECB6EC82624398000D59C09 /* ViewController.swift in Sources */ = {isa = PBXBuildFile; fileRef = DECB6EC72624398000D59C09 /* ViewController.swift */; };
		DECB6ECB2624398000D59C09 /* Main.storyboard in Resources */ = {isa = PBXBuildFile; fileRef = DECB6EC92624398000D59C09 /* Main.storyboard */; };
		DECB6ECD2624398200D59C09 /* Assets.xcassets in Resources */ = {isa = PBXBuildFile; fileRef = DECB6ECC2624398200D59C09 /* Assets.xcassets */; };
		DECB6ED02624398200D59C09 /* LaunchScreen.storyboard in Resources */ = {isa = PBXBuildFile; fileRef = DECB6ECE2624398200D59C09 /* LaunchScreen.storyboard */; };
		DECB6EEE262440E300D59C09 /* BaseViewController.swift in Sources */ = {isa = PBXBuildFile; fileRef = DECB6EED262440E300D59C09 /* BaseViewController.swift */; };
/* End PBXBuildFile section */

/* Begin PBXFileReference section */
		36BF156BDB6E6BBBB2CE9444 /* Pods_RxPlayground.framework */ = {isa = PBXFileReference; explicitFileType = wrapper.framework; includeInIndex = 0; path = Pods_RxPlayground.framework; sourceTree = BUILT_PRODUCTS_DIR; };
		44286D1295B409A401D9F515 /* Pods-RxPlayground.release.xcconfig */ = {isa = PBXFileReference; includeInIndex = 1; lastKnownFileType = text.xcconfig; name = "Pods-RxPlayground.release.xcconfig"; path = "Target Support Files/Pods-RxPlayground/Pods-RxPlayground.release.xcconfig"; sourceTree = "<group>"; };
		DE4E45B82628388900EF9CA5 /* Rx+UIViewController.swift */ = {isa = PBXFileReference; lastKnownFileType = sourcecode.swift; path = "Rx+UIViewController.swift"; sourceTree = "<group>"; };
		DECB6EC02624398000D59C09 /* RxPlayground.app */ = {isa = PBXFileReference; explicitFileType = wrapper.application; includeInIndex = 0; path = RxPlayground.app; sourceTree = BUILT_PRODUCTS_DIR; };
		DECB6EC32624398000D59C09 /* AppDelegate.swift */ = {isa = PBXFileReference; lastKnownFileType = sourcecode.swift; path = AppDelegate.swift; sourceTree = "<group>"; };
		DECB6EC52624398000D59C09 /* SceneDelegate.swift */ = {isa = PBXFileReference; lastKnownFileType = sourcecode.swift; path = SceneDelegate.swift; sourceTree = "<group>"; };
		DECB6EC72624398000D59C09 /* ViewController.swift */ = {isa = PBXFileReference; lastKnownFileType = sourcecode.swift; path = ViewController.swift; sourceTree = "<group>"; };
		DECB6ECA2624398000D59C09 /* Base */ = {isa = PBXFileReference; lastKnownFileType = file.storyboard; name = Base; path = Base.lproj/Main.storyboard; sourceTree = "<group>"; };
		DECB6ECC2624398200D59C09 /* Assets.xcassets */ = {isa = PBXFileReference; lastKnownFileType = folder.assetcatalog; path = Assets.xcassets; sourceTree = "<group>"; };
		DECB6ECF2624398200D59C09 /* Base */ = {isa = PBXFileReference; lastKnownFileType = file.storyboard; name = Base; path = Base.lproj/LaunchScreen.storyboard; sourceTree = "<group>"; };
		DECB6ED12624398200D59C09 /* Info.plist */ = {isa = PBXFileReference; lastKnownFileType = text.plist.xml; path = Info.plist; sourceTree = "<group>"; };
		DECB6EED262440E300D59C09 /* BaseViewController.swift */ = {isa = PBXFileReference; lastKnownFileType = sourcecode.swift; path = BaseViewController.swift; sourceTree = "<group>"; };
		F104FF27A3FFBF86C6D08B64 /* Pods-RxPlayground.debug.xcconfig */ = {isa = PBXFileReference; includeInIndex = 1; lastKnownFileType = text.xcconfig; name = "Pods-RxPlayground.debug.xcconfig"; path = "Target Support Files/Pods-RxPlayground/Pods-RxPlayground.debug.xcconfig"; sourceTree = "<group>"; };
/* End PBXFileReference section */

/* Begin PBXFrameworksBuildPhase section */
		DECB6EBD2624398000D59C09 /* Frameworks */ = {
			isa = PBXFrameworksBuildPhase;
			buildActionMask = 2147483647;
			files = (
				76F6FE75FB1C399ACE318154 /* Pods_RxPlayground.framework in Frameworks */,
			);
			runOnlyForDeploymentPostprocessing = 0;
		};
/* End PBXFrameworksBuildPhase section */

/* Begin PBXGroup section */
		67666AF742D707AB29EC4BF3 /* Pods */ = {
			isa = PBXGroup;
			children = (
				F104FF27A3FFBF86C6D08B64 /* Pods-RxPlayground.debug.xcconfig */,
				44286D1295B409A401D9F515 /* Pods-RxPlayground.release.xcconfig */,
			);
			path = Pods;
			sourceTree = "<group>";
		};
		DDE07A71D9A8E9AC591E67F3 /* Frameworks */ = {
			isa = PBXGroup;
			children = (
				36BF156BDB6E6BBBB2CE9444 /* Pods_RxPlayground.framework */,
			);
			name = Frameworks;
			sourceTree = "<group>";
		};
		DE4E45B72628385C00EF9CA5 /* Extensions */ = {
			isa = PBXGroup;
			children = (
				DE4E45B82628388900EF9CA5 /* Rx+UIViewController.swift */,
			);
			path = Extensions;
			sourceTree = "<group>";
		};
		DECB6EB72624398000D59C09 = {
			isa = PBXGroup;
			children = (
				DE4E45B72628385C00EF9CA5 /* Extensions */,
				DECB6EE926243BC500D59C09 /* BestPractice */,
				DECB6EC22624398000D59C09 /* RxPlayground */,
				DECB6EC12624398000D59C09 /* Products */,
				67666AF742D707AB29EC4BF3 /* Pods */,
				DDE07A71D9A8E9AC591E67F3 /* Frameworks */,
			);
			sourceTree = "<group>";
		};
		DECB6EC12624398000D59C09 /* Products */ = {
			isa = PBXGroup;
			children = (
				DECB6EC02624398000D59C09 /* RxPlayground.app */,
			);
			name = Products;
			sourceTree = "<group>";
		};
		DECB6EC22624398000D59C09 /* RxPlayground */ = {
			isa = PBXGroup;
			children = (
				DECB6EC32624398000D59C09 /* AppDelegate.swift */,
				DECB6EC52624398000D59C09 /* SceneDelegate.swift */,
				DECB6EC72624398000D59C09 /* ViewController.swift */,
				DECB6EC92624398000D59C09 /* Main.storyboard */,
				DECB6ECC2624398200D59C09 /* Assets.xcassets */,
				DECB6ECE2624398200D59C09 /* LaunchScreen.storyboard */,
				DECB6ED12624398200D59C09 /* Info.plist */,
				DECB6EED262440E300D59C09 /* BaseViewController.swift */,
			);
			path = RxPlayground;
			sourceTree = "<group>";
		};
		DECB6EE926243BC500D59C09 /* BestPractice */ = {
			isa = PBXGroup;
			children = (
			);
			path = BestPractice;
			sourceTree = "<group>";
		};
/* End PBXGroup section */

/* Begin PBXNativeTarget section */
		DECB6EBF2624398000D59C09 /* RxPlayground */ = {
			isa = PBXNativeTarget;
			buildConfigurationList = DECB6ED42624398200D59C09 /* Build configuration list for PBXNativeTarget "RxPlayground" */;
			buildPhases = (
				EA2F605B1D4777F75983BD22 /* [CP] Check Pods Manifest.lock */,
				DECB6EBC2624398000D59C09 /* Sources */,
				DECB6EBD2624398000D59C09 /* Frameworks */,
				DECB6EBE2624398000D59C09 /* Resources */,
				B067DE548614914723781F18 /* [CP] Embed Pods Frameworks */,
			);
			buildRules = (
			);
			dependencies = (
			);
			name = RxPlayground;
			productName = RxPlayground;
			productReference = DECB6EC02624398000D59C09 /* RxPlayground.app */;
			productType = "com.apple.product-type.application";
		};
/* End PBXNativeTarget section */

/* Begin PBXProject section */
		DECB6EB82624398000D59C09 /* Project object */ = {
			isa = PBXProject;
			attributes = {
				LastSwiftUpdateCheck = 1240;
				LastUpgradeCheck = 1240;
				TargetAttributes = {
					DECB6EBF2624398000D59C09 = {
						CreatedOnToolsVersion = 12.4;
					};
				};
			};
			buildConfigurationList = DECB6EBB2624398000D59C09 /* Build configuration list for PBXProject "RxPlayground" */;
			compatibilityVersion = "Xcode 9.3";
			developmentRegion = en;
			hasScannedForEncodings = 0;
			knownRegions = (
				en,
				Base,
			);
			mainGroup = DECB6EB72624398000D59C09;
			productRefGroup = DECB6EC12624398000D59C09 /* Products */;
			projectDirPath = "";
			projectRoot = "";
			targets = (
				DECB6EBF2624398000D59C09 /* RxPlayground */,
			);
		};
/* End PBXProject section */

/* Begin PBXResourcesBuildPhase section */
		DECB6EBE2624398000D59C09 /* Resources */ = {
			isa = PBXResourcesBuildPhase;
			buildActionMask = 2147483647;
			files = (
				DECB6ED02624398200D59C09 /* LaunchScreen.storyboard in Resources */,
				DECB6ECD2624398200D59C09 /* Assets.xcassets in Resources */,
				DECB6ECB2624398000D59C09 /* Main.storyboard in Resources */,
			);
			runOnlyForDeploymentPostprocessing = 0;
		};
/* End PBXResourcesBuildPhase section */

/* Begin PBXShellScriptBuildPhase section */
		B067DE548614914723781F18 /* [CP] Embed Pods Frameworks */ = {
			isa = PBXShellScriptBuildPhase;
			buildActionMask = 2147483647;
			files = (
			);
			inputFileListPaths = (
				"${PODS_ROOT}/Target Support Files/Pods-RxPlayground/Pods-RxPlayground-frameworks-${CONFIGURATION}-input-files.xcfilelist",
			);
			name = "[CP] Embed Pods Frameworks";
			outputFileListPaths = (
				"${PODS_ROOT}/Target Support Files/Pods-RxPlayground/Pods-RxPlayground-frameworks-${CONFIGURATION}-output-files.xcfilelist",
			);
			runOnlyForDeploymentPostprocessing = 0;
			shellPath = /bin/sh;
			shellScript = "\"${PODS_ROOT}/Target Support Files/Pods-RxPlayground/Pods-RxPlayground-frameworks.sh\"\n";
			showEnvVarsInLog = 0;
		};
		EA2F605B1D4777F75983BD22 /* [CP] Check Pods Manifest.lock */ = {
			isa = PBXShellScriptBuildPhase;
			buildActionMask = 2147483647;
			files = (
			);
			inputFileListPaths = (
			);
			inputPaths = (
				"${PODS_PODFILE_DIR_PATH}/Podfile.lock",
				"${PODS_ROOT}/Manifest.lock",
			);
			name = "[CP] Check Pods Manifest.lock";
			outputFileListPaths = (
			);
			outputPaths = (
				"$(DERIVED_FILE_DIR)/Pods-RxPlayground-checkManifestLockResult.txt",
			);
			runOnlyForDeploymentPostprocessing = 0;
			shellPath = /bin/sh;
			shellScript = "diff \"${PODS_PODFILE_DIR_PATH}/Podfile.lock\" \"${PODS_ROOT}/Manifest.lock\" > /dev/null\nif [ $? != 0 ] ; then\n    # print error to STDERR\n    echo \"error: The sandbox is not in sync with the Podfile.lock. Run 'pod install' or update your CocoaPods installation.\" >&2\n    exit 1\nfi\n# This output is used by Xcode 'outputs' to avoid re-running this script phase.\necho \"SUCCESS\" > \"${SCRIPT_OUTPUT_FILE_0}\"\n";
			showEnvVarsInLog = 0;
		};
/* End PBXShellScriptBuildPhase section */

/* Begin PBXSourcesBuildPhase section */
		DECB6EBC2624398000D59C09 /* Sources */ = {
			isa = PBXSourcesBuildPhase;
			buildActionMask = 2147483647;
			files = (
				DECB6EC82624398000D59C09 /* ViewController.swift in Sources */,
				DECB6EEE262440E300D59C09 /* BaseViewController.swift in Sources */,
				DECB6EC42624398000D59C09 /* AppDelegate.swift in Sources */,
				DE4E45B92628388900EF9CA5 /* Rx+UIViewController.swift in Sources */,
				DECB6EC62624398000D59C09 /* SceneDelegate.swift in Sources */,
			);
			runOnlyForDeploymentPostprocessing = 0;
		};
/* End PBXSourcesBuildPhase section */

/* Begin PBXVariantGroup section */
		DECB6EC92624398000D59C09 /* Main.storyboard */ = {
			isa = PBXVariantGroup;
			children = (
				DECB6ECA2624398000D59C09 /* Base */,
			);
			name = Main.storyboard;
			sourceTree = "<group>";
		};
		DECB6ECE2624398200D59C09 /* LaunchScreen.storyboard */ = {
			isa = PBXVariantGroup;
			children = (
				DECB6ECF2624398200D59C09 /* Base */,
			);
			name = LaunchScreen.storyboard;
			sourceTree = "<group>";
		};
/* End PBXVariantGroup section */

/* Begin XCBuildConfiguration section */
		DECB6ED22624398200D59C09 /* Debug */ = {
			isa = XCBuildConfiguration;
			buildSettings = {
				ALWAYS_SEARCH_USER_PATHS = NO;
				CLANG_ANALYZER_NONNULL = YES;
				CLANG_ANALYZER_NUMBER_OBJECT_CONVERSION = YES_AGGRESSIVE;
				CLANG_CXX_LANGUAGE_STANDARD = "gnu++14";
				CLANG_CXX_LIBRARY = "libc++";
				CLANG_ENABLE_MODULES = YES;
				CLANG_ENABLE_OBJC_ARC = YES;
				CLANG_ENABLE_OBJC_WEAK = YES;
				CLANG_WARN_BLOCK_CAPTURE_AUTORELEASING = YES;
				CLANG_WARN_BOOL_CONVERSION = YES;
				CLANG_WARN_COMMA = YES;
				CLANG_WARN_CONSTANT_CONVERSION = YES;
				CLANG_WARN_DEPRECATED_OBJC_IMPLEMENTATIONS = YES;
				CLANG_WARN_DIRECT_OBJC_ISA_USAGE = YES_ERROR;
				CLANG_WARN_DOCUMENTATION_COMMENTS = YES;
				CLANG_WARN_EMPTY_BODY = YES;
				CLANG_WARN_ENUM_CONVERSION = YES;
				CLANG_WARN_INFINITE_RECURSION = YES;
				CLANG_WARN_INT_CONVERSION = YES;
				CLANG_WARN_NON_LITERAL_NULL_CONVERSION = YES;
				CLANG_WARN_OBJC_IMPLICIT_RETAIN_SELF = YES;
				CLANG_WARN_OBJC_LITERAL_CONVERSION = YES;
				CLANG_WARN_OBJC_ROOT_CLASS = YES_ERROR;
				CLANG_WARN_QUOTED_INCLUDE_IN_FRAMEWORK_HEADER = YES;
				CLANG_WARN_RANGE_LOOP_ANALYSIS = YES;
				CLANG_WARN_STRICT_PROTOTYPES = YES;
				CLANG_WARN_SUSPICIOUS_MOVE = YES;
				CLANG_WARN_UNGUARDED_AVAILABILITY = YES_AGGRESSIVE;
				CLANG_WARN_UNREACHABLE_CODE = YES;
				CLANG_WARN__DUPLICATE_METHOD_MATCH = YES;
				COPY_PHASE_STRIP = NO;
				DEBUG_INFORMATION_FORMAT = dwarf;
				ENABLE_STRICT_OBJC_MSGSEND = YES;
				ENABLE_TESTABILITY = YES;
				GCC_C_LANGUAGE_STANDARD = gnu11;
				GCC_DYNAMIC_NO_PIC = NO;
				GCC_NO_COMMON_BLOCKS = YES;
				GCC_OPTIMIZATION_LEVEL = 0;
				GCC_PREPROCESSOR_DEFINITIONS = (
					"DEBUG=1",
					"$(inherited)",
				);
				GCC_WARN_64_TO_32_BIT_CONVERSION = YES;
				GCC_WARN_ABOUT_RETURN_TYPE = YES_ERROR;
				GCC_WARN_UNDECLARED_SELECTOR = YES;
				GCC_WARN_UNINITIALIZED_AUTOS = YES_AGGRESSIVE;
				GCC_WARN_UNUSED_FUNCTION = YES;
				GCC_WARN_UNUSED_VARIABLE = YES;
				IPHONEOS_DEPLOYMENT_TARGET = 14.4;
				MTL_ENABLE_DEBUG_INFO = INCLUDE_SOURCE;
				MTL_FAST_MATH = YES;
				ONLY_ACTIVE_ARCH = YES;
				SDKROOT = iphoneos;
				SWIFT_ACTIVE_COMPILATION_CONDITIONS = DEBUG;
				SWIFT_OPTIMIZATION_LEVEL = "-Onone";
			};
			name = Debug;
		};
		DECB6ED32624398200D59C09 /* Release */ = {
			isa = XCBuildConfiguration;
			buildSettings = {
				ALWAYS_SEARCH_USER_PATHS = NO;
				CLANG_ANALYZER_NONNULL = YES;
				CLANG_ANALYZER_NUMBER_OBJECT_CONVERSION = YES_AGGRESSIVE;
				CLANG_CXX_LANGUAGE_STANDARD = "gnu++14";
				CLANG_CXX_LIBRARY = "libc++";
				CLANG_ENABLE_MODULES = YES;
				CLANG_ENABLE_OBJC_ARC = YES;
				CLANG_ENABLE_OBJC_WEAK = YES;
				CLANG_WARN_BLOCK_CAPTURE_AUTORELEASING = YES;
				CLANG_WARN_BOOL_CONVERSION = YES;
				CLANG_WARN_COMMA = YES;
				CLANG_WARN_CONSTANT_CONVERSION = YES;
				CLANG_WARN_DEPRECATED_OBJC_IMPLEMENTATIONS = YES;
				CLANG_WARN_DIRECT_OBJC_ISA_USAGE = YES_ERROR;
				CLANG_WARN_DOCUMENTATION_COMMENTS = YES;
				CLANG_WARN_EMPTY_BODY = YES;
				CLANG_WARN_ENUM_CONVERSION = YES;
				CLANG_WARN_INFINITE_RECURSION = YES;
				CLANG_WARN_INT_CONVERSION = YES;
				CLANG_WARN_NON_LITERAL_NULL_CONVERSION = YES;
				CLANG_WARN_OBJC_IMPLICIT_RETAIN_SELF = YES;
				CLANG_WARN_OBJC_LITERAL_CONVERSION = YES;
				CLANG_WARN_OBJC_ROOT_CLASS = YES_ERROR;
				CLANG_WARN_QUOTED_INCLUDE_IN_FRAMEWORK_HEADER = YES;
				CLANG_WARN_RANGE_LOOP_ANALYSIS = YES;
				CLANG_WARN_STRICT_PROTOTYPES = YES;
				CLANG_WARN_SUSPICIOUS_MOVE = YES;
				CLANG_WARN_UNGUARDED_AVAILABILITY = YES_AGGRESSIVE;
				CLANG_WARN_UNREACHABLE_CODE = YES;
				CLANG_WARN__DUPLICATE_METHOD_MATCH = YES;
				COPY_PHASE_STRIP = NO;
				DEBUG_INFORMATION_FORMAT = "dwarf-with-dsym";
				ENABLE_NS_ASSERTIONS = NO;
				ENABLE_STRICT_OBJC_MSGSEND = YES;
				GCC_C_LANGUAGE_STANDARD = gnu11;
				GCC_NO_COMMON_BLOCKS = YES;
				GCC_WARN_64_TO_32_BIT_CONVERSION = YES;
				GCC_WARN_ABOUT_RETURN_TYPE = YES_ERROR;
				GCC_WARN_UNDECLARED_SELECTOR = YES;
				GCC_WARN_UNINITIALIZED_AUTOS = YES_AGGRESSIVE;
				GCC_WARN_UNUSED_FUNCTION = YES;
				GCC_WARN_UNUSED_VARIABLE = YES;
				IPHONEOS_DEPLOYMENT_TARGET = 14.4;
				MTL_ENABLE_DEBUG_INFO = NO;
				MTL_FAST_MATH = YES;
				SDKROOT = iphoneos;
				SWIFT_COMPILATION_MODE = wholemodule;
				SWIFT_OPTIMIZATION_LEVEL = "-O";
				VALIDATE_PRODUCT = YES;
			};
			name = Release;
		};
		DECB6ED52624398200D59C09 /* Debug */ = {
			isa = XCBuildConfiguration;
			baseConfigurationReference = F104FF27A3FFBF86C6D08B64 /* Pods-RxPlayground.debug.xcconfig */;
			buildSettings = {
				ASSETCATALOG_COMPILER_APPICON_NAME = AppIcon;
				ASSETCATALOG_COMPILER_GLOBAL_ACCENT_COLOR_NAME = AccentColor;
				CODE_SIGN_STYLE = Automatic;
				DEVELOPMENT_TEAM = J9VJ6K6A86;
				INFOPLIST_FILE = RxPlayground/Info.plist;
				LD_RUNPATH_SEARCH_PATHS = (
					"$(inherited)",
					"@executable_path/Frameworks",
				);
				PRODUCT_BUNDLE_IDENTIFIER = cpp.RxPlayground;
				PRODUCT_NAME = "$(TARGET_NAME)";
				SWIFT_VERSION = 5.0;
				TARGETED_DEVICE_FAMILY = "1,2";
			};
			name = Debug;
		};
		DECB6ED62624398200D59C09 /* Release */ = {
			isa = XCBuildConfiguration;
			baseConfigurationReference = 44286D1295B409A401D9F515 /* Pods-RxPlayground.release.xcconfig */;
			buildSettings = {
				ASSETCATALOG_COMPILER_APPICON_NAME = AppIcon;
				ASSETCATALOG_COMPILER_GLOBAL_ACCENT_COLOR_NAME = AccentColor;
				CODE_SIGN_STYLE = Automatic;
				DEVELOPMENT_TEAM = J9VJ6K6A86;
				INFOPLIST_FILE = RxPlayground/Info.plist;
				LD_RUNPATH_SEARCH_PATHS = (
					"$(inherited)",
					"@executable_path/Frameworks",
				);
				PRODUCT_BUNDLE_IDENTIFIER = cpp.RxPlayground;
				PRODUCT_NAME = "$(TARGET_NAME)";
				SWIFT_VERSION = 5.0;
				TARGETED_DEVICE_FAMILY = "1,2";
			};
			name = Release;
		};
/* End XCBuildConfiguration section */

/* Begin XCConfigurationList section */
		DECB6EBB2624398000D59C09 /* Build configuration list for PBXProject "RxPlayground" */ = {
			isa = XCConfigurationList;
			buildConfigurations = (
				DECB6ED22624398200D59C09 /* Debug */,
				DECB6ED32624398200D59C09 /* Release */,
			);
			defaultConfigurationIsVisible = 0;
			defaultConfigurationName = Release;
		};
		DECB6ED42624398200D59C09 /* Build configuration list for PBXNativeTarget "RxPlayground" */ = {
			isa = XCConfigurationList;
			buildConfigurations = (
				DECB6ED52624398200D59C09 /* Debug */,
				DECB6ED62624398200D59C09 /* Release */,
			);
			defaultConfigurationIsVisible = 0;
			defaultConfigurationName = Release;
		};
/* End XCConfigurationList section */
	};
	rootObject = DECB6EB82624398000D59C09 /* Project object */;
}
