// !$*UTF8*$!
{
	archiveVersion = 1;
	classes = {
	};
	objectVersion = 50;
	objects = {

/* Begin PBXBuildFile section */
		0CD71F3424D6707A005FDE67 /* FoundationPlus.swift in Sources */ = {isa = PBXBuildFile; fileRef = 0CD71F3324D6707A005FDE67 /* FoundationPlus.swift */; };
		3E127E3125FF926100EC8C22 /* UICollectionViewPlus.swift in Sources */ = {isa = PBXBuildFile; fileRef = 3E127E3025FF926100EC8C22 /* UICollectionViewPlus.swift */; };
		3E127E3425FF928C00EC8C22 /* UITableViewPlus.swift in Sources */ = {isa = PBXBuildFile; fileRef = 3E127E3325FF928C00EC8C22 /* UITableViewPlus.swift */; };
		3E58A84525B5D4D000B0D2E3 /* CGRectPlus.swift in Sources */ = {isa = PBXBuildFile; fileRef = 3E58A84425B5D4D000B0D2E3 /* CGRectPlus.swift */; };
		3E58B55725E7D71E0013DE51 /* GlobalFunctions.swift in Sources */ = {isa = PBXBuildFile; fileRef = 3E58B55625E7D71E0013DE51 /* GlobalFunctions.swift */; };
		3E7B586F25AC743A00EE65B7 /* UIColorPlus.swift in Sources */ = {isa = PBXBuildFile; fileRef = 3E7B586E25AC743A00EE65B7 /* UIColorPlus.swift */; };
		3E7B587225AC763C00EE65B7 /* CGColorPlus.swift in Sources */ = {isa = PBXBuildFile; fileRef = 3E7B587125AC763C00EE65B7 /* CGColorPlus.swift */; };
		3EB2D05125B8770D00C70FE7 /* Constants.swift in Sources */ = {isa = PBXBuildFile; fileRef = 3EB2D05025B8770D00C70FE7 /* Constants.swift */; };
		3EBEDB2625BD9C740067D02F /* UIDevicePlus.swift in Sources */ = {isa = PBXBuildFile; fileRef = 3EBEDB2525BD9C740067D02F /* UIDevicePlus.swift */; };
		DE0819BD25BAD5D300950784 /* DoublePlus.swift in Sources */ = {isa = PBXBuildFile; fileRef = DE0819BC25BAD5D300950784 /* DoublePlus.swift */; };
		DE12399E26784E6A00AB6B18 /* NumberFormatterPlus.swift in Sources */ = {isa = PBXBuildFile; fileRef = DE12399D26784E6A00AB6B18 /* NumberFormatterPlus.swift */; };
		DE13534526170A7D00903FA3 /* AutoResizeTextView.swift in Sources */ = {isa = PBXBuildFile; fileRef = DE13534426170A7D00903FA3 /* AutoResizeTextView.swift */; };
		DE16719F25E7935D00BA5CE9 /* GCDTimer.swift in Sources */ = {isa = PBXBuildFile; fileRef = DE16719E25E7935D00BA5CE9 /* GCDTimer.swift */; };
		DE1D66A62620316500337652 /* UITextInputPlus.swift in Sources */ = {isa = PBXBuildFile; fileRef = DE1D66A52620316500337652 /* UITextInputPlus.swift */; };
		DE1DD9622552B8B700E08A8B /* UIEdgeInsetsPlus.swift in Sources */ = {isa = PBXBuildFile; fileRef = DE1DD9612552B8B700E08A8B /* UIEdgeInsetsPlus.swift */; };
		DE1DD9652552B95F00E08A8B /* Protocols.swift in Sources */ = {isa = PBXBuildFile; fileRef = DE1DD9642552B95F00E08A8B /* Protocols.swift */; };
		DE1DD96C2552BA2800E08A8B /* InsetsLabel.swift in Sources */ = {isa = PBXBuildFile; fileRef = DE1DD96B2552BA2700E08A8B /* InsetsLabel.swift */; };
		DE243813253188CC006CF000 /* UIStackViewPlus.swift in Sources */ = {isa = PBXBuildFile; fileRef = DE243812253188CC006CF000 /* UIStackViewPlus.swift */; };
		DE36450926984BBD001D072C /* PropertyWrappers.swift in Sources */ = {isa = PBXBuildFile; fileRef = DE36450826984BBD001D072C /* PropertyWrappers.swift */; };
		DE4190AF25EF412D00F03D4A /* SwiftUIPlus.swift in Sources */ = {isa = PBXBuildFile; fileRef = DE4190AE25EF412D00F03D4A /* SwiftUIPlus.swift */; };
		DE4190B325EF49BA00F03D4A /* SwiftUIPreview.swift in Sources */ = {isa = PBXBuildFile; fileRef = DE4190B225EF49BA00F03D4A /* SwiftUIPreview.swift */; };
		DE4190B625EF4E9B00F03D4A /* UIViewControllerPlus.swift in Sources */ = {isa = PBXBuildFile; fileRef = DE4190B525EF4E9B00F03D4A /* UIViewControllerPlus.swift */; };
		DE66D8A824C7F931003B9206 /* AppDelegate.swift in Sources */ = {isa = PBXBuildFile; fileRef = DE66D8A724C7F931003B9206 /* AppDelegate.swift */; };
		DE66D8AA24C7F931003B9206 /* SceneDelegate.swift in Sources */ = {isa = PBXBuildFile; fileRef = DE66D8A924C7F931003B9206 /* SceneDelegate.swift */; };
		DE66D8AC24C7F931003B9206 /* ViewController.swift in Sources */ = {isa = PBXBuildFile; fileRef = DE66D8AB24C7F931003B9206 /* ViewController.swift */; };
		DE66D8AF24C7F931003B9206 /* Main.storyboard in Resources */ = {isa = PBXBuildFile; fileRef = DE66D8AD24C7F931003B9206 /* Main.storyboard */; };
		DE66D8B124C7F935003B9206 /* Assets.xcassets in Resources */ = {isa = PBXBuildFile; fileRef = DE66D8B024C7F935003B9206 /* Assets.xcassets */; };
		DE66D8B424C7F935003B9206 /* LaunchScreen.storyboard in Resources */ = {isa = PBXBuildFile; fileRef = DE66D8B224C7F935003B9206 /* LaunchScreen.storyboard */; };
		DE66D8BD24C7F982003B9206 /* UIButtonPlus.swift in Sources */ = {isa = PBXBuildFile; fileRef = DE66D8BC24C7F982003B9206 /* UIButtonPlus.swift */; };
		DE66D8BF24C81432003B9206 /* README.md in Resources */ = {isa = PBXBuildFile; fileRef = DE66D8BE24C81432003B9206 /* README.md */; };
		DE6E150024D16A320053CC44 /* UIImagePlus.swift in Sources */ = {isa = PBXBuildFile; fileRef = DE6E14FF24D16A320053CC44 /* UIImagePlus.swift */; };
		DE6E150224D16AA60053CC44 /* BlankViewController.swift in Sources */ = {isa = PBXBuildFile; fileRef = DE6E150124D16AA60053CC44 /* BlankViewController.swift */; };
		DE743CCD25A7F9E7001764A5 /* DataPlus.swift in Sources */ = {isa = PBXBuildFile; fileRef = DE743CCC25A7F9E7001764A5 /* DataPlus.swift */; };
		DE764B78260D745C00AA0956 /* DashLine.swift in Sources */ = {isa = PBXBuildFile; fileRef = DE764B77260D745C00AA0956 /* DashLine.swift */; };
		DE8E4F6A25DE75320057D456 /* TouchesDelayedScrollView.swift in Sources */ = {isa = PBXBuildFile; fileRef = DE8E4F6925DE75320057D456 /* TouchesDelayedScrollView.swift */; };
		DE93781224D124B200D89D4C /* DispatchOnce.swift in Sources */ = {isa = PBXBuildFile; fileRef = DE93781124D124B200D89D4C /* DispatchOnce.swift */; };
		DE93781424D1480300D89D4C /* NSObjectPlus.swift in Sources */ = {isa = PBXBuildFile; fileRef = DE93781324D1480300D89D4C /* NSObjectPlus.swift */; };
		DE94533A2508A5050082E5E5 /* UIApplicationPlus.swift in Sources */ = {isa = PBXBuildFile; fileRef = DE9453392508A5050082E5E5 /* UIApplicationPlus.swift */; };
		DE9E8D8425C24ED300FB3C46 /* UITabBarItemPlus.swift in Sources */ = {isa = PBXBuildFile; fileRef = DE9E8D8325C24ED300FB3C46 /* UITabBarItemPlus.swift */; };
		DE9E8E0525C5568000FB3C46 /* UIImageViewPlus.swift in Sources */ = {isa = PBXBuildFile; fileRef = DE9E8E0425C5568000FB3C46 /* UIImageViewPlus.swift */; };
		DEA34B752511DBE500B4697C /* CGSizePlus.swift in Sources */ = {isa = PBXBuildFile; fileRef = DEA34B742511DBE500B4697C /* CGSizePlus.swift */; };
		DEB225A125A7182D00859117 /* StringPlus.swift in Sources */ = {isa = PBXBuildFile; fileRef = DEB225A025A7182D00859117 /* StringPlus.swift */; };
		DEB225A425A7199300859117 /* DatePlus.swift in Sources */ = {isa = PBXBuildFile; fileRef = DEB225A325A7199300859117 /* DatePlus.swift */; };
		DEB622F925E8995B00702C5E /* CGFloatPlus.swift in Sources */ = {isa = PBXBuildFile; fileRef = DEB622F825E8995B00702C5E /* CGFloatPlus.swift */; };
		DEB622FC25E899BB00702C5E /* IntPlus.swift in Sources */ = {isa = PBXBuildFile; fileRef = DEB622FB25E899BB00702C5E /* IntPlus.swift */; };
		DEF0553E25BBD31700093261 /* UIWindowPlus.swift in Sources */ = {isa = PBXBuildFile; fileRef = DEF0553D25BBD31700093261 /* UIWindowPlus.swift */; };
		DEF40F5E25B02C2900ADA57D /* UIViewPlus.swift in Sources */ = {isa = PBXBuildFile; fileRef = DEF40F5D25B02C2900ADA57D /* UIViewPlus.swift */; };
		DEFAD78C2615CCA6008CEBE0 /* TextFieldDelegate.swift in Sources */ = {isa = PBXBuildFile; fileRef = DEFAD78B2615CCA6008CEBE0 /* TextFieldDelegate.swift */; };
/* End PBXBuildFile section */

/* Begin PBXFileReference section */
		0CD71F3324D6707A005FDE67 /* FoundationPlus.swift */ = {isa = PBXFileReference; lastKnownFileType = sourcecode.swift; path = FoundationPlus.swift; sourceTree = "<group>"; };
		3E127E3025FF926100EC8C22 /* UICollectionViewPlus.swift */ = {isa = PBXFileReference; lastKnownFileType = sourcecode.swift; path = UICollectionViewPlus.swift; sourceTree = "<group>"; };
		3E127E3325FF928C00EC8C22 /* UITableViewPlus.swift */ = {isa = PBXFileReference; lastKnownFileType = sourcecode.swift; path = UITableViewPlus.swift; sourceTree = "<group>"; };
		3E58A84425B5D4D000B0D2E3 /* CGRectPlus.swift */ = {isa = PBXFileReference; lastKnownFileType = sourcecode.swift; path = CGRectPlus.swift; sourceTree = "<group>"; };
		3E58B55625E7D71E0013DE51 /* GlobalFunctions.swift */ = {isa = PBXFileReference; lastKnownFileType = sourcecode.swift; path = GlobalFunctions.swift; sourceTree = "<group>"; };
		3E7B586E25AC743A00EE65B7 /* UIColorPlus.swift */ = {isa = PBXFileReference; lastKnownFileType = sourcecode.swift; path = UIColorPlus.swift; sourceTree = "<group>"; };
		3E7B587125AC763C00EE65B7 /* CGColorPlus.swift */ = {isa = PBXFileReference; lastKnownFileType = sourcecode.swift; path = CGColorPlus.swift; sourceTree = "<group>"; };
		3EB2D05025B8770D00C70FE7 /* Constants.swift */ = {isa = PBXFileReference; lastKnownFileType = sourcecode.swift; path = Constants.swift; sourceTree = "<group>"; };
		3EBEDB2525BD9C740067D02F /* UIDevicePlus.swift */ = {isa = PBXFileReference; lastKnownFileType = sourcecode.swift; path = UIDevicePlus.swift; sourceTree = "<group>"; };
		DE0819BC25BAD5D300950784 /* DoublePlus.swift */ = {isa = PBXFileReference; lastKnownFileType = sourcecode.swift; path = DoublePlus.swift; sourceTree = "<group>"; };
		DE12399D26784E6A00AB6B18 /* NumberFormatterPlus.swift */ = {isa = PBXFileReference; lastKnownFileType = sourcecode.swift; path = NumberFormatterPlus.swift; sourceTree = "<group>"; };
		DE13534426170A7D00903FA3 /* AutoResizeTextView.swift */ = {isa = PBXFileReference; lastKnownFileType = sourcecode.swift; path = AutoResizeTextView.swift; sourceTree = "<group>"; };
		DE16719E25E7935D00BA5CE9 /* GCDTimer.swift */ = {isa = PBXFileReference; lastKnownFileType = sourcecode.swift; path = GCDTimer.swift; sourceTree = "<group>"; };
		DE1D66A52620316500337652 /* UITextInputPlus.swift */ = {isa = PBXFileReference; lastKnownFileType = sourcecode.swift; path = UITextInputPlus.swift; sourceTree = "<group>"; };
		DE1DD9612552B8B700E08A8B /* UIEdgeInsetsPlus.swift */ = {isa = PBXFileReference; lastKnownFileType = sourcecode.swift; path = UIEdgeInsetsPlus.swift; sourceTree = "<group>"; };
		DE1DD9642552B95F00E08A8B /* Protocols.swift */ = {isa = PBXFileReference; fileEncoding = 4; lastKnownFileType = sourcecode.swift; path = Protocols.swift; sourceTree = "<group>"; };
		DE1DD96B2552BA2700E08A8B /* InsetsLabel.swift */ = {isa = PBXFileReference; lastKnownFileType = sourcecode.swift; path = InsetsLabel.swift; sourceTree = "<group>"; };
		DE243812253188CC006CF000 /* UIStackViewPlus.swift */ = {isa = PBXFileReference; lastKnownFileType = sourcecode.swift; path = UIStackViewPlus.swift; sourceTree = "<group>"; };
		DE36450826984BBD001D072C /* PropertyWrappers.swift */ = {isa = PBXFileReference; lastKnownFileType = sourcecode.swift; path = PropertyWrappers.swift; sourceTree = "<group>"; };
		DE4190AE25EF412D00F03D4A /* SwiftUIPlus.swift */ = {isa = PBXFileReference; lastKnownFileType = sourcecode.swift; path = SwiftUIPlus.swift; sourceTree = "<group>"; };
		DE4190B225EF49BA00F03D4A /* SwiftUIPreview.swift */ = {isa = PBXFileReference; lastKnownFileType = sourcecode.swift; path = SwiftUIPreview.swift; sourceTree = "<group>"; };
		DE4190B525EF4E9B00F03D4A /* UIViewControllerPlus.swift */ = {isa = PBXFileReference; lastKnownFileType = sourcecode.swift; path = UIViewControllerPlus.swift; sourceTree = "<group>"; };
		DE64BA0A264A2ADA009FA78B /* MyPlayground.playground */ = {isa = PBXFileReference; lastKnownFileType = file.playground; path = MyPlayground.playground; sourceTree = "<group>"; xcLanguageSpecificationIdentifier = xcode.lang.swift; };
		DE66D8A424C7F931003B9206 /* ExtensionDemo.app */ = {isa = PBXFileReference; explicitFileType = wrapper.application; includeInIndex = 0; path = ExtensionDemo.app; sourceTree = BUILT_PRODUCTS_DIR; };
		DE66D8A724C7F931003B9206 /* AppDelegate.swift */ = {isa = PBXFileReference; lastKnownFileType = sourcecode.swift; path = AppDelegate.swift; sourceTree = "<group>"; };
		DE66D8A924C7F931003B9206 /* SceneDelegate.swift */ = {isa = PBXFileReference; lastKnownFileType = sourcecode.swift; path = SceneDelegate.swift; sourceTree = "<group>"; };
		DE66D8AB24C7F931003B9206 /* ViewController.swift */ = {isa = PBXFileReference; lastKnownFileType = sourcecode.swift; path = ViewController.swift; sourceTree = "<group>"; };
		DE66D8AE24C7F931003B9206 /* Base */ = {isa = PBXFileReference; lastKnownFileType = file.storyboard; name = Base; path = Base.lproj/Main.storyboard; sourceTree = "<group>"; };
		DE66D8B024C7F935003B9206 /* Assets.xcassets */ = {isa = PBXFileReference; lastKnownFileType = folder.assetcatalog; path = Assets.xcassets; sourceTree = "<group>"; };
		DE66D8B324C7F935003B9206 /* Base */ = {isa = PBXFileReference; lastKnownFileType = file.storyboard; name = Base; path = Base.lproj/LaunchScreen.storyboard; sourceTree = "<group>"; };
		DE66D8B524C7F935003B9206 /* Info.plist */ = {isa = PBXFileReference; lastKnownFileType = text.plist.xml; path = Info.plist; sourceTree = "<group>"; };
		DE66D8BC24C7F982003B9206 /* UIButtonPlus.swift */ = {isa = PBXFileReference; fileEncoding = 4; lastKnownFileType = sourcecode.swift; path = UIButtonPlus.swift; sourceTree = "<group>"; };
		DE66D8BE24C81432003B9206 /* README.md */ = {isa = PBXFileReference; fileEncoding = 4; lastKnownFileType = net.daringfireball.markdown; name = README.md; path = ../README.md; sourceTree = "<group>"; };
		DE6E14FF24D16A320053CC44 /* UIImagePlus.swift */ = {isa = PBXFileReference; lastKnownFileType = sourcecode.swift; path = UIImagePlus.swift; sourceTree = "<group>"; };
		DE6E150124D16AA60053CC44 /* BlankViewController.swift */ = {isa = PBXFileReference; lastKnownFileType = sourcecode.swift; path = BlankViewController.swift; sourceTree = "<group>"; };
		DE743CCC25A7F9E7001764A5 /* DataPlus.swift */ = {isa = PBXFileReference; lastKnownFileType = sourcecode.swift; path = DataPlus.swift; sourceTree = "<group>"; };
		DE764B77260D745C00AA0956 /* DashLine.swift */ = {isa = PBXFileReference; lastKnownFileType = sourcecode.swift; path = DashLine.swift; sourceTree = "<group>"; };
		DE8E4F6925DE75320057D456 /* TouchesDelayedScrollView.swift */ = {isa = PBXFileReference; lastKnownFileType = sourcecode.swift; path = TouchesDelayedScrollView.swift; sourceTree = "<group>"; };
		DE93781124D124B200D89D4C /* DispatchOnce.swift */ = {isa = PBXFileReference; lastKnownFileType = sourcecode.swift; path = DispatchOnce.swift; sourceTree = "<group>"; };
		DE93781324D1480300D89D4C /* NSObjectPlus.swift */ = {isa = PBXFileReference; lastKnownFileType = sourcecode.swift; path = NSObjectPlus.swift; sourceTree = "<group>"; };
		DE9453392508A5050082E5E5 /* UIApplicationPlus.swift */ = {isa = PBXFileReference; lastKnownFileType = sourcecode.swift; path = UIApplicationPlus.swift; sourceTree = "<group>"; };
		DE9E8D8325C24ED300FB3C46 /* UITabBarItemPlus.swift */ = {isa = PBXFileReference; lastKnownFileType = sourcecode.swift; path = UITabBarItemPlus.swift; sourceTree = "<group>"; };
		DE9E8E0425C5568000FB3C46 /* UIImageViewPlus.swift */ = {isa = PBXFileReference; lastKnownFileType = sourcecode.swift; path = UIImageViewPlus.swift; sourceTree = "<group>"; };
		DEA34B742511DBE500B4697C /* CGSizePlus.swift */ = {isa = PBXFileReference; lastKnownFileType = sourcecode.swift; path = CGSizePlus.swift; sourceTree = "<group>"; };
		DEB225A025A7182D00859117 /* StringPlus.swift */ = {isa = PBXFileReference; lastKnownFileType = sourcecode.swift; path = StringPlus.swift; sourceTree = "<group>"; };
		DEB225A325A7199300859117 /* DatePlus.swift */ = {isa = PBXFileReference; lastKnownFileType = sourcecode.swift; path = DatePlus.swift; sourceTree = "<group>"; };
		DEB622F825E8995B00702C5E /* CGFloatPlus.swift */ = {isa = PBXFileReference; lastKnownFileType = sourcecode.swift; path = CGFloatPlus.swift; sourceTree = "<group>"; };
		DEB622FB25E899BB00702C5E /* IntPlus.swift */ = {isa = PBXFileReference; lastKnownFileType = sourcecode.swift; path = IntPlus.swift; sourceTree = "<group>"; };
		DEF0553D25BBD31700093261 /* UIWindowPlus.swift */ = {isa = PBXFileReference; lastKnownFileType = sourcecode.swift; path = UIWindowPlus.swift; sourceTree = "<group>"; };
		DEF40F5D25B02C2900ADA57D /* UIViewPlus.swift */ = {isa = PBXFileReference; lastKnownFileType = sourcecode.swift; path = UIViewPlus.swift; sourceTree = "<group>"; };
		DEFAD78B2615CCA6008CEBE0 /* TextFieldDelegate.swift */ = {isa = PBXFileReference; lastKnownFileType = sourcecode.swift; path = TextFieldDelegate.swift; sourceTree = "<group>"; };
/* End PBXFileReference section */

/* Begin PBXFrameworksBuildPhase section */
		DE66D8A124C7F931003B9206 /* Frameworks */ = {
			isa = PBXFrameworksBuildPhase;
			buildActionMask = 2147483647;
			files = (
			);
			runOnlyForDeploymentPostprocessing = 0;
		};
/* End PBXFrameworksBuildPhase section */

/* Begin PBXGroup section */
		DE1DD96A2552BA0300E08A8B /* CustomizedControls */ = {
			isa = PBXGroup;
			children = (
				DE1DD96B2552BA2700E08A8B /* InsetsLabel.swift */,
				DE8E4F6925DE75320057D456 /* TouchesDelayedScrollView.swift */,
				DE764B77260D745C00AA0956 /* DashLine.swift */,
				DE13534426170A7D00903FA3 /* AutoResizeTextView.swift */,
			);
			path = CustomizedControls;
			sourceTree = "<group>";
		};
		DE4190AD25EF411900F03D4A /* SwiftUI */ = {
			isa = PBXGroup;
			children = (
				DE4190AE25EF412D00F03D4A /* SwiftUIPlus.swift */,
			);
			path = SwiftUI;
			sourceTree = "<group>";
		};
		DE66D89B24C7F931003B9206 = {
			isa = PBXGroup;
			children = (
				DEFAD78A2615CC55008CEBE0 /* BestPractice */,
				DE66D8A624C7F931003B9206 /* ExtensionDemo */,
				DE66D8BB24C7F982003B9206 /* Extensions */,
				DE66D8A524C7F931003B9206 /* Products */,
				DE66D8BE24C81432003B9206 /* README.md */,
			);
			sourceTree = "<group>";
			usesTabs = 1;
		};
		DE66D8A524C7F931003B9206 /* Products */ = {
			isa = PBXGroup;
			children = (
				DE66D8A424C7F931003B9206 /* ExtensionDemo.app */,
			);
			name = Products;
			sourceTree = "<group>";
		};
		DE66D8A624C7F931003B9206 /* ExtensionDemo */ = {
			isa = PBXGroup;
			children = (
				DE66D8A724C7F931003B9206 /* AppDelegate.swift */,
				DE66D8B024C7F935003B9206 /* Assets.xcassets */,
				DE6E150124D16AA60053CC44 /* BlankViewController.swift */,
				DE66D8B524C7F935003B9206 /* Info.plist */,
				DE66D8B224C7F935003B9206 /* LaunchScreen.storyboard */,
				DE66D8AD24C7F931003B9206 /* Main.storyboard */,
				DE66D8A924C7F931003B9206 /* SceneDelegate.swift */,
				DE66D8AB24C7F931003B9206 /* ViewController.swift */,
				DE4190B225EF49BA00F03D4A /* SwiftUIPreview.swift */,
			);
			path = ExtensionDemo;
			sourceTree = "<group>";
		};
		DE66D8BB24C7F982003B9206 /* Extensions */ = {
			isa = PBXGroup;
			children = (
				DE4190AD25EF411900F03D4A /* SwiftUI */,
				DEA34B762511DC8D00B4697C /* CoreGraphics */,
				DE93781624D1483B00D89D4C /* Foundation */,
				DE1DD9642552B95F00E08A8B /* Protocols.swift */,
				DE93781724D1484900D89D4C /* Tools */,
				DE93781524D1482400D89D4C /* UIKit */,
			);
			name = Extensions;
			path = ../Extensions;
			sourceTree = "<group>";
		};
		DE93781524D1482400D89D4C /* UIKit */ = {
			isa = PBXGroup;
			children = (
				DE9453392508A5050082E5E5 /* UIApplicationPlus.swift */,
				DE66D8BC24C7F982003B9206 /* UIButtonPlus.swift */,
				3E7B586E25AC743A00EE65B7 /* UIColorPlus.swift */,
				3EBEDB2525BD9C740067D02F /* UIDevicePlus.swift */,
				DE1DD9612552B8B700E08A8B /* UIEdgeInsetsPlus.swift */,
				DE6E14FF24D16A320053CC44 /* UIImagePlus.swift */,
				DE9E8E0425C5568000FB3C46 /* UIImageViewPlus.swift */,
				DE243812253188CC006CF000 /* UIStackViewPlus.swift */,
				DE9E8D8325C24ED300FB3C46 /* UITabBarItemPlus.swift */,
				DE4190B525EF4E9B00F03D4A /* UIViewControllerPlus.swift */,
				DEF40F5D25B02C2900ADA57D /* UIViewPlus.swift */,
				DEF0553D25BBD31700093261 /* UIWindowPlus.swift */,
				3E127E3025FF926100EC8C22 /* UICollectionViewPlus.swift */,
				3E127E3325FF928C00EC8C22 /* UITableViewPlus.swift */,
				DE1D66A52620316500337652 /* UITextInputPlus.swift */,
			);
			path = UIKit;
			sourceTree = "<group>";
		};
		DE93781624D1483B00D89D4C /* Foundation */ = {
			isa = PBXGroup;
			children = (
				DEB622FE25E89A0800702C5E /* Number */,
				DE743CCC25A7F9E7001764A5 /* DataPlus.swift */,
				DEB225A325A7199300859117 /* DatePlus.swift */,
				0CD71F3324D6707A005FDE67 /* FoundationPlus.swift */,
				DE93781324D1480300D89D4C /* NSObjectPlus.swift */,
				DEB225A025A7182D00859117 /* StringPlus.swift */,
				DE12399D26784E6A00AB6B18 /* NumberFormatterPlus.swift */,
				DE36450826984BBD001D072C /* PropertyWrappers.swift */,
			);
			path = Foundation;
			sourceTree = "<group>";
		};
		DE93781724D1484900D89D4C /* Tools */ = {
			isa = PBXGroup;
			children = (
				DE1DD96A2552BA0300E08A8B /* CustomizedControls */,
				DE93781124D124B200D89D4C /* DispatchOnce.swift */,
				3EB2D05025B8770D00C70FE7 /* Constants.swift */,
				DE16719E25E7935D00BA5CE9 /* GCDTimer.swift */,
				3E58B55625E7D71E0013DE51 /* GlobalFunctions.swift */,
			);
			path = Tools;
			sourceTree = "<group>";
		};
		DEA34B762511DC8D00B4697C /* CoreGraphics */ = {
			isa = PBXGroup;
			children = (
				DEA34B742511DBE500B4697C /* CGSizePlus.swift */,
				3E7B587125AC763C00EE65B7 /* CGColorPlus.swift */,
				3E58A84425B5D4D000B0D2E3 /* CGRectPlus.swift */,
				DEB622F825E8995B00702C5E /* CGFloatPlus.swift */,
			);
			path = CoreGraphics;
			sourceTree = "<group>";
		};
		DEB622FE25E89A0800702C5E /* Number */ = {
			isa = PBXGroup;
			children = (
				DE0819BC25BAD5D300950784 /* DoublePlus.swift */,
				DEB622FB25E899BB00702C5E /* IntPlus.swift */,
			);
			path = Number;
			sourceTree = "<group>";
		};
		DEFAD78A2615CC55008CEBE0 /* BestPractice */ = {
			isa = PBXGroup;
			children = (
				DEFAD78B2615CCA6008CEBE0 /* TextFieldDelegate.swift */,
				DE64BA0A264A2ADA009FA78B /* MyPlayground.playground */,
			);
			path = BestPractice;
			sourceTree = "<group>";
		};
/* End PBXGroup section */

/* Begin PBXNativeTarget section */
		DE66D8A324C7F931003B9206 /* ExtensionDemo */ = {
			isa = PBXNativeTarget;
			buildConfigurationList = DE66D8B824C7F935003B9206 /* Build configuration list for PBXNativeTarget "ExtensionDemo" */;
			buildPhases = (
				DE66D8A024C7F931003B9206 /* Sources */,
				DE66D8A124C7F931003B9206 /* Frameworks */,
				DE66D8A224C7F931003B9206 /* Resources */,
			);
			buildRules = (
			);
			dependencies = (
			);
			name = ExtensionDemo;
			productName = ExtensionDemo;
			productReference = DE66D8A424C7F931003B9206 /* ExtensionDemo.app */;
			productType = "com.apple.product-type.application";
		};
/* End PBXNativeTarget section */

/* Begin PBXProject section */
		DE66D89C24C7F931003B9206 /* Project object */ = {
			isa = PBXProject;
			attributes = {
				LastSwiftUpdateCheck = 1160;
				LastUpgradeCheck = 1230;
				ORGANIZATIONNAME = Choi;
				TargetAttributes = {
					DE66D8A324C7F931003B9206 = {
						CreatedOnToolsVersion = 11.6;
					};
				};
			};
			buildConfigurationList = DE66D89F24C7F931003B9206 /* Build configuration list for PBXProject "ExtensionDemo" */;
			compatibilityVersion = "Xcode 9.3";
			developmentRegion = en;
			hasScannedForEncodings = 0;
			knownRegions = (
				en,
				Base,
			);
			mainGroup = DE66D89B24C7F931003B9206;
			productRefGroup = DE66D8A524C7F931003B9206 /* Products */;
			projectDirPath = "";
			projectRoot = "";
			targets = (
				DE66D8A324C7F931003B9206 /* ExtensionDemo */,
			);
		};
/* End PBXProject section */

/* Begin PBXResourcesBuildPhase section */
		DE66D8A224C7F931003B9206 /* Resources */ = {
			isa = PBXResourcesBuildPhase;
			buildActionMask = 2147483647;
			files = (
				DE66D8B424C7F935003B9206 /* LaunchScreen.storyboard in Resources */,
				DE66D8B124C7F935003B9206 /* Assets.xcassets in Resources */,
				DE66D8BF24C81432003B9206 /* README.md in Resources */,
				DE66D8AF24C7F931003B9206 /* Main.storyboard in Resources */,
			);
			runOnlyForDeploymentPostprocessing = 0;
		};
/* End PBXResourcesBuildPhase section */

/* Begin PBXSourcesBuildPhase section */
		DE66D8A024C7F931003B9206 /* Sources */ = {
			isa = PBXSourcesBuildPhase;
			buildActionMask = 2147483647;
			files = (
				DE94533A2508A5050082E5E5 /* UIApplicationPlus.swift in Sources */,
				3E7B586F25AC743A00EE65B7 /* UIColorPlus.swift in Sources */,
				DE1DD9622552B8B700E08A8B /* UIEdgeInsetsPlus.swift in Sources */,
				DE1DD96C2552BA2800E08A8B /* InsetsLabel.swift in Sources */,
				DE4190B325EF49BA00F03D4A /* SwiftUIPreview.swift in Sources */,
				3EBEDB2625BD9C740067D02F /* UIDevicePlus.swift in Sources */,
				DE1D66A62620316500337652 /* UITextInputPlus.swift in Sources */,
				DE66D8AC24C7F931003B9206 /* ViewController.swift in Sources */,
				DEA34B752511DBE500B4697C /* CGSizePlus.swift in Sources */,
				DEB622F925E8995B00702C5E /* CGFloatPlus.swift in Sources */,
				DE36450926984BBD001D072C /* PropertyWrappers.swift in Sources */,
				DEF40F5E25B02C2900ADA57D /* UIViewPlus.swift in Sources */,
				DEB225A125A7182D00859117 /* StringPlus.swift in Sources */,
				3E7B587225AC763C00EE65B7 /* CGColorPlus.swift in Sources */,
				3E127E3125FF926100EC8C22 /* UICollectionViewPlus.swift in Sources */,
				DEF0553E25BBD31700093261 /* UIWindowPlus.swift in Sources */,
				DE12399E26784E6A00AB6B18 /* NumberFormatterPlus.swift in Sources */,
				DE93781424D1480300D89D4C /* NSObjectPlus.swift in Sources */,
				DE66D8BD24C7F982003B9206 /* UIButtonPlus.swift in Sources */,
				0CD71F3424D6707A005FDE67 /* FoundationPlus.swift in Sources */,
				DE6E150224D16AA60053CC44 /* BlankViewController.swift in Sources */,
				DE6E150024D16A320053CC44 /* UIImagePlus.swift in Sources */,
				DE9E8E0525C5568000FB3C46 /* UIImageViewPlus.swift in Sources */,
				DE16719F25E7935D00BA5CE9 /* GCDTimer.swift in Sources */,
				DE743CCD25A7F9E7001764A5 /* DataPlus.swift in Sources */,
				DE1DD9652552B95F00E08A8B /* Protocols.swift in Sources */,
				DE66D8A824C7F931003B9206 /* AppDelegate.swift in Sources */,
				DE13534526170A7D00903FA3 /* AutoResizeTextView.swift in Sources */,
				DE4190AF25EF412D00F03D4A /* SwiftUIPlus.swift in Sources */,
				DEB225A425A7199300859117 /* DatePlus.swift in Sources */,
				DE93781224D124B200D89D4C /* DispatchOnce.swift in Sources */,
				DE9E8D8425C24ED300FB3C46 /* UITabBarItemPlus.swift in Sources */,
				3E58A84525B5D4D000B0D2E3 /* CGRectPlus.swift in Sources */,
				3E127E3425FF928C00EC8C22 /* UITableViewPlus.swift in Sources */,
				DE66D8AA24C7F931003B9206 /* SceneDelegate.swift in Sources */,
				DEB622FC25E899BB00702C5E /* IntPlus.swift in Sources */,
				3E58B55725E7D71E0013DE51 /* GlobalFunctions.swift in Sources */,
				DE764B78260D745C00AA0956 /* DashLine.swift in Sources */,
				DE243813253188CC006CF000 /* UIStackViewPlus.swift in Sources */,
				DE0819BD25BAD5D300950784 /* DoublePlus.swift in Sources */,
				DE4190B625EF4E9B00F03D4A /* UIViewControllerPlus.swift in Sources */,
				DE8E4F6A25DE75320057D456 /* TouchesDelayedScrollView.swift in Sources */,
				DEFAD78C2615CCA6008CEBE0 /* TextFieldDelegate.swift in Sources */,
				3EB2D05125B8770D00C70FE7 /* Constants.swift in Sources */,
			);
			runOnlyForDeploymentPostprocessing = 0;
		};
/* End PBXSourcesBuildPhase section */

/* Begin PBXVariantGroup section */
		DE66D8AD24C7F931003B9206 /* Main.storyboard */ = {
			isa = PBXVariantGroup;
			children = (
				DE66D8AE24C7F931003B9206 /* Base */,
			);
			name = Main.storyboard;
			sourceTree = "<group>";
		};
		DE66D8B224C7F935003B9206 /* LaunchScreen.storyboard */ = {
			isa = PBXVariantGroup;
			children = (
				DE66D8B324C7F935003B9206 /* Base */,
			);
			name = LaunchScreen.storyboard;
			sourceTree = "<group>";
		};
/* End PBXVariantGroup section */

/* Begin XCBuildConfiguration section */
		DE66D8B624C7F935003B9206 /* Debug */ = {
			isa = XCBuildConfiguration;
			buildSettings = {
				ALWAYS_SEARCH_USER_PATHS = NO;
				CLANG_ANALYZER_NONNULL = YES;
				CLANG_ANALYZER_NUMBER_OBJECT_CONVERSION = YES_AGGRESSIVE;
				CLANG_CXX_LANGUAGE_STANDARD = "gnu++14";
				CLANG_CXX_LIBRARY = "libc++";
				CLANG_ENABLE_MODULES = YES;
				CLANG_ENABLE_OBJC_ARC = YES;
				CLANG_ENABLE_OBJC_WEAK = YES;
				CLANG_WARN_BLOCK_CAPTURE_AUTORELEASING = YES;
				CLANG_WARN_BOOL_CONVERSION = YES;
				CLANG_WARN_COMMA = YES;
				CLANG_WARN_CONSTANT_CONVERSION = YES;
				CLANG_WARN_DEPRECATED_OBJC_IMPLEMENTATIONS = YES;
				CLANG_WARN_DIRECT_OBJC_ISA_USAGE = YES_ERROR;
				CLANG_WARN_DOCUMENTATION_COMMENTS = YES;
				CLANG_WARN_EMPTY_BODY = YES;
				CLANG_WARN_ENUM_CONVERSION = YES;
				CLANG_WARN_INFINITE_RECURSION = YES;
				CLANG_WARN_INT_CONVERSION = YES;
				CLANG_WARN_NON_LITERAL_NULL_CONVERSION = YES;
				CLANG_WARN_OBJC_IMPLICIT_RETAIN_SELF = YES;
				CLANG_WARN_OBJC_LITERAL_CONVERSION = YES;
				CLANG_WARN_OBJC_ROOT_CLASS = YES_ERROR;
				CLANG_WARN_QUOTED_INCLUDE_IN_FRAMEWORK_HEADER = YES;
				CLANG_WARN_RANGE_LOOP_ANALYSIS = YES;
				CLANG_WARN_STRICT_PROTOTYPES = YES;
				CLANG_WARN_SUSPICIOUS_MOVE = YES;
				CLANG_WARN_UNGUARDED_AVAILABILITY = YES_AGGRESSIVE;
				CLANG_WARN_UNREACHABLE_CODE = YES;
				CLANG_WARN__DUPLICATE_METHOD_MATCH = YES;
				COPY_PHASE_STRIP = NO;
				DEBUG_INFORMATION_FORMAT = dwarf;
				ENABLE_STRICT_OBJC_MSGSEND = YES;
				ENABLE_TESTABILITY = YES;
				GCC_C_LANGUAGE_STANDARD = gnu11;
				GCC_DYNAMIC_NO_PIC = NO;
				GCC_NO_COMMON_BLOCKS = YES;
				GCC_OPTIMIZATION_LEVEL = 0;
				GCC_PREPROCESSOR_DEFINITIONS = (
					"DEBUG=1",
					"$(inherited)",
				);
				GCC_WARN_64_TO_32_BIT_CONVERSION = YES;
				GCC_WARN_ABOUT_RETURN_TYPE = YES_ERROR;
				GCC_WARN_UNDECLARED_SELECTOR = YES;
				GCC_WARN_UNINITIALIZED_AUTOS = YES_AGGRESSIVE;
				GCC_WARN_UNUSED_FUNCTION = YES;
				GCC_WARN_UNUSED_VARIABLE = YES;
				IPHONEOS_DEPLOYMENT_TARGET = 12.0;
				MTL_ENABLE_DEBUG_INFO = INCLUDE_SOURCE;
				MTL_FAST_MATH = YES;
				ONLY_ACTIVE_ARCH = YES;
				SDKROOT = iphoneos;
				SWIFT_ACTIVE_COMPILATION_CONDITIONS = DEBUG;
				SWIFT_OPTIMIZATION_LEVEL = "-Onone";
				SWIFT_VERSION = 5.0;
			};
			name = Debug;
		};
		DE66D8B724C7F935003B9206 /* Release */ = {
			isa = XCBuildConfiguration;
			buildSettings = {
				ALWAYS_SEARCH_USER_PATHS = NO;
				CLANG_ANALYZER_NONNULL = YES;
				CLANG_ANALYZER_NUMBER_OBJECT_CONVERSION = YES_AGGRESSIVE;
				CLANG_CXX_LANGUAGE_STANDARD = "gnu++14";
				CLANG_CXX_LIBRARY = "libc++";
				CLANG_ENABLE_MODULES = YES;
				CLANG_ENABLE_OBJC_ARC = YES;
				CLANG_ENABLE_OBJC_WEAK = YES;
				CLANG_WARN_BLOCK_CAPTURE_AUTORELEASING = YES;
				CLANG_WARN_BOOL_CONVERSION = YES;
				CLANG_WARN_COMMA = YES;
				CLANG_WARN_CONSTANT_CONVERSION = YES;
				CLANG_WARN_DEPRECATED_OBJC_IMPLEMENTATIONS = YES;
				CLANG_WARN_DIRECT_OBJC_ISA_USAGE = YES_ERROR;
				CLANG_WARN_DOCUMENTATION_COMMENTS = YES;
				CLANG_WARN_EMPTY_BODY = YES;
				CLANG_WARN_ENUM_CONVERSION = YES;
				CLANG_WARN_INFINITE_RECURSION = YES;
				CLANG_WARN_INT_CONVERSION = YES;
				CLANG_WARN_NON_LITERAL_NULL_CONVERSION = YES;
				CLANG_WARN_OBJC_IMPLICIT_RETAIN_SELF = YES;
				CLANG_WARN_OBJC_LITERAL_CONVERSION = YES;
				CLANG_WARN_OBJC_ROOT_CLASS = YES_ERROR;
				CLANG_WARN_QUOTED_INCLUDE_IN_FRAMEWORK_HEADER = YES;
				CLANG_WARN_RANGE_LOOP_ANALYSIS = YES;
				CLANG_WARN_STRICT_PROTOTYPES = YES;
				CLANG_WARN_SUSPICIOUS_MOVE = YES;
				CLANG_WARN_UNGUARDED_AVAILABILITY = YES_AGGRESSIVE;
				CLANG_WARN_UNREACHABLE_CODE = YES;
				CLANG_WARN__DUPLICATE_METHOD_MATCH = YES;
				COPY_PHASE_STRIP = NO;
				DEBUG_INFORMATION_FORMAT = "dwarf-with-dsym";
				ENABLE_NS_ASSERTIONS = NO;
				ENABLE_STRICT_OBJC_MSGSEND = YES;
				GCC_C_LANGUAGE_STANDARD = gnu11;
				GCC_NO_COMMON_BLOCKS = YES;
				GCC_WARN_64_TO_32_BIT_CONVERSION = YES;
				GCC_WARN_ABOUT_RETURN_TYPE = YES_ERROR;
				GCC_WARN_UNDECLARED_SELECTOR = YES;
				GCC_WARN_UNINITIALIZED_AUTOS = YES_AGGRESSIVE;
				GCC_WARN_UNUSED_FUNCTION = YES;
				GCC_WARN_UNUSED_VARIABLE = YES;
				IPHONEOS_DEPLOYMENT_TARGET = 12.0;
				MTL_ENABLE_DEBUG_INFO = NO;
				MTL_FAST_MATH = YES;
				SDKROOT = iphoneos;
				SWIFT_COMPILATION_MODE = wholemodule;
				SWIFT_OPTIMIZATION_LEVEL = "-O";
				SWIFT_VERSION = 5.0;
				VALIDATE_PRODUCT = YES;
			};
			name = Release;
		};
		DE66D8B924C7F935003B9206 /* Debug */ = {
			isa = XCBuildConfiguration;
			buildSettings = {
				ASSETCATALOG_COMPILER_APPICON_NAME = AppIcon;
				CODE_SIGN_STYLE = Automatic;
				INFOPLIST_FILE = ExtensionDemo/Info.plist;
				IPHONEOS_DEPLOYMENT_TARGET = 13.6;
				LD_RUNPATH_SEARCH_PATHS = (
					"$(inherited)",
					"@executable_path/Frameworks",
				);
				PRODUCT_BUNDLE_IDENTIFIER = test.ExtensionDemo;
				PRODUCT_NAME = "$(TARGET_NAME)";
				TARGETED_DEVICE_FAMILY = "1,2";
			};
			name = Debug;
		};
		DE66D8BA24C7F935003B9206 /* Release */ = {
			isa = XCBuildConfiguration;
			buildSettings = {
				ASSETCATALOG_COMPILER_APPICON_NAME = AppIcon;
				CODE_SIGN_STYLE = Automatic;
				INFOPLIST_FILE = ExtensionDemo/Info.plist;
				IPHONEOS_DEPLOYMENT_TARGET = 13.6;
				LD_RUNPATH_SEARCH_PATHS = (
					"$(inherited)",
					"@executable_path/Frameworks",
				);
				PRODUCT_BUNDLE_IDENTIFIER = test.ExtensionDemo;
				PRODUCT_NAME = "$(TARGET_NAME)";
				TARGETED_DEVICE_FAMILY = "1,2";
			};
			name = Release;
		};
/* End XCBuildConfiguration section */

/* Begin XCConfigurationList section */
		DE66D89F24C7F931003B9206 /* Build configuration list for PBXProject "ExtensionDemo" */ = {
			isa = XCConfigurationList;
			buildConfigurations = (
				DE66D8B624C7F935003B9206 /* Debug */,
				DE66D8B724C7F935003B9206 /* Release */,
			);
			defaultConfigurationIsVisible = 0;
			defaultConfigurationName = Release;
		};
		DE66D8B824C7F935003B9206 /* Build configuration list for PBXNativeTarget "ExtensionDemo" */ = {
			isa = XCConfigurationList;
			buildConfigurations = (
				DE66D8B924C7F935003B9206 /* Debug */,
				DE66D8BA24C7F935003B9206 /* Release */,
			);
			defaultConfigurationIsVisible = 0;
			defaultConfigurationName = Release;
		};
/* End XCConfigurationList section */
	};
	rootObject = DE66D89C24C7F931003B9206 /* Project object */;
}
