// !$*UTF8*$!
{
	archiveVersion = 1;
	classes = {
	};
	objectVersion = 50;
	objects = {

/* Begin PBXBuildFile section */
		0CD71F3424D6707A005FDE67 /* FoundationPlus.swift in Sources */ = {isa = PBXBuildFile; fileRef = 0CD71F3324D6707A005FDE67 /* FoundationPlus.swift */; };
		3E127E3125FF926100EC8C22 /* UICollectionViewPlus.swift in Sources */ = {isa = PBXBuildFile; fileRef = 3E127E3025FF926100EC8C22 /* UICollectionViewPlus.swift */; };
		3E127E3425FF928C00EC8C22 /* UITableViewPlus.swift in Sources */ = {isa = PBXBuildFile; fileRef = 3E127E3325FF928C00EC8C22 /* UITableViewPlus.swift */; };
		3E17B00426D95AD5004663EC /* ProtocolExtensions.swift in Sources */ = {isa = PBXBuildFile; fileRef = 3E17B00326D95AD5004663EC /* ProtocolExtensions.swift */; };
		3E40F88727E025E200F3005E /* UIZStackView.swift in Sources */ = {isa = PBXBuildFile; fileRef = 3E40F88627E025E200F3005E /* UIZStackView.swift */; };
		3E58A84525B5D4D000B0D2E3 /* CGRectPlus.swift in Sources */ = {isa = PBXBuildFile; fileRef = 3E58A84425B5D4D000B0D2E3 /* CGRectPlus.swift */; };
		3E58B55725E7D71E0013DE51 /* GlobalFunctions.swift in Sources */ = {isa = PBXBuildFile; fileRef = 3E58B55625E7D71E0013DE51 /* GlobalFunctions.swift */; };
		3E70EEB126FEB33900C19A78 /* PlaceholderTextView.swift in Sources */ = {isa = PBXBuildFile; fileRef = 3E70EEB026FEB33900C19A78 /* PlaceholderTextView.swift */; };
		3E7B586F25AC743A00EE65B7 /* UIColorPlus.swift in Sources */ = {isa = PBXBuildFile; fileRef = 3E7B586E25AC743A00EE65B7 /* UIColorPlus.swift */; };
		3EB2D05125B8770D00C70FE7 /* Constants.swift in Sources */ = {isa = PBXBuildFile; fileRef = 3EB2D05025B8770D00C70FE7 /* Constants.swift */; };
		3EB77DC826B1B1BD0005C7A5 /* UIKitPlus.swift in Sources */ = {isa = PBXBuildFile; fileRef = 3EB77DC726B1B1BD0005C7A5 /* UIKitPlus.swift */; };
		3EBEDB2625BD9C740067D02F /* UIDevicePlus.swift in Sources */ = {isa = PBXBuildFile; fileRef = 3EBEDB2525BD9C740067D02F /* UIDevicePlus.swift */; };
		3EC9CEBB27E0E81F00ECFD27 /* UIBackgroundExpendedButton.swift in Sources */ = {isa = PBXBuildFile; fileRef = 3EC9CEBA27E0E81F00ECFD27 /* UIBackgroundExpendedButton.swift */; };
		3EE208A1285EABCF002B1AF8 /* Operators.swift in Sources */ = {isa = PBXBuildFile; fileRef = 3EE208A0285EABCF002B1AF8 /* Operators.swift */; };
		DE02063D2750D3F500779080 /* DateFormatterPlus.swift in Sources */ = {isa = PBXBuildFile; fileRef = DE02063C2750D3F500779080 /* DateFormatterPlus.swift */; };
		DE051781282CA9EC0027FEF3 /* CharacterSetPlus.swift in Sources */ = {isa = PBXBuildFile; fileRef = DE051780282CA9EC0027FEF3 /* CharacterSetPlus.swift */; };
		DE0819BD25BAD5D300950784 /* DoublePlus.swift in Sources */ = {isa = PBXBuildFile; fileRef = DE0819BC25BAD5D300950784 /* DoublePlus.swift */; };
		DE12399E26784E6A00AB6B18 /* NumberFormatterPlus.swift in Sources */ = {isa = PBXBuildFile; fileRef = DE12399D26784E6A00AB6B18 /* NumberFormatterPlus.swift */; };
		DE12DB51279BCEC100D0FBD2 /* FrameBootcamp.swift in Sources */ = {isa = PBXBuildFile; fileRef = DE12DB50279BCEC100D0FBD2 /* FrameBootcamp.swift */; };
		DE13534526170A7D00903FA3 /* AutoResizeTextView.swift in Sources */ = {isa = PBXBuildFile; fileRef = DE13534426170A7D00903FA3 /* AutoResizeTextView.swift */; };
		DE16719F25E7935D00BA5CE9 /* GCDTimer.swift in Sources */ = {isa = PBXBuildFile; fileRef = DE16719E25E7935D00BA5CE9 /* GCDTimer.swift */; };
		DE16F41426B7F479005D1A21 /* Spacer.swift in Sources */ = {isa = PBXBuildFile; fileRef = DE16F41326B7F479005D1A21 /* Spacer.swift */; };
		DE19277E26D791C00009B1A5 /* UIResponderPlus.swift in Sources */ = {isa = PBXBuildFile; fileRef = DE19277D26D791C00009B1A5 /* UIResponderPlus.swift */; };
		DE1D2C2828655ABD00009E12 /* EventManager.swift in Sources */ = {isa = PBXBuildFile; fileRef = DE1D2C2728655ABD00009E12 /* EventManager.swift */; };
		DE1D66A62620316500337652 /* UITextInputPlus.swift in Sources */ = {isa = PBXBuildFile; fileRef = DE1D66A52620316500337652 /* UITextInputPlus.swift */; };
		DE1DD9622552B8B700E08A8B /* UIEdgeInsetsPlus.swift in Sources */ = {isa = PBXBuildFile; fileRef = DE1DD9612552B8B700E08A8B /* UIEdgeInsetsPlus.swift */; };
		DE1DD9652552B95F00E08A8B /* Protocols.swift in Sources */ = {isa = PBXBuildFile; fileRef = DE1DD9642552B95F00E08A8B /* Protocols.swift */; };
		DE1DD96C2552BA2800E08A8B /* InsetsLabel.swift in Sources */ = {isa = PBXBuildFile; fileRef = DE1DD96B2552BA2700E08A8B /* InsetsLabel.swift */; };
		DE2326882797DE7800FAB6B8 /* GeometryReaderPractice.swift in Sources */ = {isa = PBXBuildFile; fileRef = DE2326872797DE7800FAB6B8 /* GeometryReaderPractice.swift */; };
		DE23268B2797F51E00FAB6B8 /* IntrestingViews.swift in Sources */ = {isa = PBXBuildFile; fileRef = DE23268A2797F51E00FAB6B8 /* IntrestingViews.swift */; };
		DE23268F2797F57600FAB6B8 /* ImageSaver.swift in Sources */ = {isa = PBXBuildFile; fileRef = DE23268D2797F57600FAB6B8 /* ImageSaver.swift */; };
		DE2326902797F57600FAB6B8 /* ImagePicker.swift in Sources */ = {isa = PBXBuildFile; fileRef = DE23268E2797F57600FAB6B8 /* ImagePicker.swift */; };
		DE243813253188CC006CF000 /* UIStackViewPlus.swift in Sources */ = {isa = PBXBuildFile; fileRef = DE243812253188CC006CF000 /* UIStackViewPlus.swift */; };
		DE29E1F62701B4AF008BE81D /* SizeFixedView.swift in Sources */ = {isa = PBXBuildFile; fileRef = DE29E1F52701B4AF008BE81D /* SizeFixedView.swift */; };
		DE2CF0022831EA8400DF55CF /* CustomizeUICollectionViewLayout.swift in Sources */ = {isa = PBXBuildFile; fileRef = DE2CF0012831EA8400DF55CF /* CustomizeUICollectionViewLayout.swift */; };
		DE34AF882798FCF900705473 /* TableViewCollectionViewDiffableDataSource.swift in Sources */ = {isa = PBXBuildFile; fileRef = DE34AF872798FCF900705473 /* TableViewCollectionViewDiffableDataSource.swift */; };
		DE36450926984BBD001D072C /* PropertyWrappers.swift in Sources */ = {isa = PBXBuildFile; fileRef = DE36450826984BBD001D072C /* PropertyWrappers.swift */; };
		DE4190AF25EF412D00F03D4A /* SwiftUIPlus.swift in Sources */ = {isa = PBXBuildFile; fileRef = DE4190AE25EF412D00F03D4A /* SwiftUIPlus.swift */; };
		DE4190B325EF49BA00F03D4A /* SwiftUIPreview.swift in Sources */ = {isa = PBXBuildFile; fileRef = DE4190B225EF49BA00F03D4A /* SwiftUIPreview.swift */; };
		DE4190B625EF4E9B00F03D4A /* UIViewControllerPlus.swift in Sources */ = {isa = PBXBuildFile; fileRef = DE4190B525EF4E9B00F03D4A /* UIViewControllerPlus.swift */; };
		DE4668822848645300595658 /* UIlabelPlus.swift in Sources */ = {isa = PBXBuildFile; fileRef = DE4668812848645200595658 /* UIlabelPlus.swift */; };
		DE59921626B27509007A2A77 /* ResultBuilders.swift in Sources */ = {isa = PBXBuildFile; fileRef = DE59921526B27509007A2A77 /* ResultBuilders.swift */; };
		DE66D8A824C7F931003B9206 /* AppDelegate.swift in Sources */ = {isa = PBXBuildFile; fileRef = DE66D8A724C7F931003B9206 /* AppDelegate.swift */; };
		DE66D8AA24C7F931003B9206 /* SceneDelegate.swift in Sources */ = {isa = PBXBuildFile; fileRef = DE66D8A924C7F931003B9206 /* SceneDelegate.swift */; };
		DE66D8AC24C7F931003B9206 /* ViewController.swift in Sources */ = {isa = PBXBuildFile; fileRef = DE66D8AB24C7F931003B9206 /* ViewController.swift */; };
		DE66D8AF24C7F931003B9206 /* Main.storyboard in Resources */ = {isa = PBXBuildFile; fileRef = DE66D8AD24C7F931003B9206 /* Main.storyboard */; };
		DE66D8B124C7F935003B9206 /* Assets.xcassets in Resources */ = {isa = PBXBuildFile; fileRef = DE66D8B024C7F935003B9206 /* Assets.xcassets */; };
		DE66D8B424C7F935003B9206 /* LaunchScreen.storyboard in Resources */ = {isa = PBXBuildFile; fileRef = DE66D8B224C7F935003B9206 /* LaunchScreen.storyboard */; };
		DE66D8BD24C7F982003B9206 /* UIButtonPlus.swift in Sources */ = {isa = PBXBuildFile; fileRef = DE66D8BC24C7F982003B9206 /* UIButtonPlus.swift */; };
		DE66D8BF24C81432003B9206 /* README.md in Resources */ = {isa = PBXBuildFile; fileRef = DE66D8BE24C81432003B9206 /* README.md */; };
		DE6E150024D16A320053CC44 /* UIImagePlus.swift in Sources */ = {isa = PBXBuildFile; fileRef = DE6E14FF24D16A320053CC44 /* UIImagePlus.swift */; };
		DE743CCD25A7F9E7001764A5 /* DataPlus.swift in Sources */ = {isa = PBXBuildFile; fileRef = DE743CCC25A7F9E7001764A5 /* DataPlus.swift */; };
		DE764B78260D745C00AA0956 /* DashLine.swift in Sources */ = {isa = PBXBuildFile; fileRef = DE764B77260D745C00AA0956 /* DashLine.swift */; };
		DE818FA32844A4CF00E884C5 /* CombinePlus.swift in Sources */ = {isa = PBXBuildFile; fileRef = DE818FA22844A4CF00E884C5 /* CombinePlus.swift */; };
		DE818FA62844A5EE00E884C5 /* BaseCoordinator.swift in Sources */ = {isa = PBXBuildFile; fileRef = DE818FA52844A5EE00E884C5 /* BaseCoordinator.swift */; };
		DE818FA82844ADB000E884C5 /* BuyViewController.swift in Sources */ = {isa = PBXBuildFile; fileRef = DE818FA72844ADB000E884C5 /* BuyViewController.swift */; };
		DE818FAC2844B34600E884C5 /* BuyCoordinator.swift in Sources */ = {isa = PBXBuildFile; fileRef = DE818FAB2844B34600E884C5 /* BuyCoordinator.swift */; };
		DE818FAE2844BC8F00E884C5 /* MainTabBarController.swift in Sources */ = {isa = PBXBuildFile; fileRef = DE818FAD2844BC8F00E884C5 /* MainTabBarController.swift */; };
		DE818FB22845E96000E884C5 /* MainCoordinator.swift in Sources */ = {isa = PBXBuildFile; fileRef = DE818FB12845E96000E884C5 /* MainCoordinator.swift */; };
		DE818FB42845EE0A00E884C5 /* BaseViewController.swift in Sources */ = {isa = PBXBuildFile; fileRef = DE818FB32845EE0A00E884C5 /* BaseViewController.swift */; };
		DE8E4F6A25DE75320057D456 /* TouchesDelayedScrollView.swift in Sources */ = {isa = PBXBuildFile; fileRef = DE8E4F6925DE75320057D456 /* TouchesDelayedScrollView.swift */; };
		DE93781224D124B200D89D4C /* DispatchOnce.swift in Sources */ = {isa = PBXBuildFile; fileRef = DE93781124D124B200D89D4C /* DispatchOnce.swift */; };
		DE93781424D1480300D89D4C /* NSObjectPlus.swift in Sources */ = {isa = PBXBuildFile; fileRef = DE93781324D1480300D89D4C /* NSObjectPlus.swift */; };
		DE94533A2508A5050082E5E5 /* UIApplicationPlus.swift in Sources */ = {isa = PBXBuildFile; fileRef = DE9453392508A5050082E5E5 /* UIApplicationPlus.swift */; };
		DE95B8DF26F31E1B00A9FA5D /* AutoResizeCollectionView.swift in Sources */ = {isa = PBXBuildFile; fileRef = DE95B8DE26F31E1B00A9FA5D /* AutoResizeCollectionView.swift */; };
		DE9E8D8425C24ED300FB3C46 /* UITabBarItemPlus.swift in Sources */ = {isa = PBXBuildFile; fileRef = DE9E8D8325C24ED300FB3C46 /* UITabBarItemPlus.swift */; };
		DE9E8E0525C5568000FB3C46 /* UIImageViewPlus.swift in Sources */ = {isa = PBXBuildFile; fileRef = DE9E8E0425C5568000FB3C46 /* UIImageViewPlus.swift */; };
		DE9EF9072852D6DA001CE408 /* CoreBluetoothPlayground.swift in Sources */ = {isa = PBXBuildFile; fileRef = DE9EF9062852D6DA001CE408 /* CoreBluetoothPlayground.swift */; };
		DEA34B752511DBE500B4697C /* CGSizePlus.swift in Sources */ = {isa = PBXBuildFile; fileRef = DEA34B742511DBE500B4697C /* CGSizePlus.swift */; };
		DEB225A125A7182D00859117 /* StringPlus.swift in Sources */ = {isa = PBXBuildFile; fileRef = DEB225A025A7182D00859117 /* StringPlus.swift */; };
		DEB225A425A7199300859117 /* DatePlus.swift in Sources */ = {isa = PBXBuildFile; fileRef = DEB225A325A7199300859117 /* DatePlus.swift */; };
		DEB622F925E8995B00702C5E /* CGFloatPlus.swift in Sources */ = {isa = PBXBuildFile; fileRef = DEB622F825E8995B00702C5E /* CGFloatPlus.swift */; };
		DEB622FC25E899BB00702C5E /* IntPlus.swift in Sources */ = {isa = PBXBuildFile; fileRef = DEB622FB25E899BB00702C5E /* IntPlus.swift */; };
		DEB6E34827633AF100212120 /* NewUIButtonSystem.swift in Sources */ = {isa = PBXBuildFile; fileRef = DEB6E34727633AF100212120 /* NewUIButtonSystem.swift */; };
		DED5093A27957C9C000AE370 /* CustomLayoutGuilde.swift in Sources */ = {isa = PBXBuildFile; fileRef = DED5093927957C9C000AE370 /* CustomLayoutGuilde.swift */; };
		DEE48CF626AA64D600391508 /* ShadowPlayground.swift in Sources */ = {isa = PBXBuildFile; fileRef = DEE48CF526AA64D600391508 /* ShadowPlayground.swift */; };
		DEE4D4B026A54A5800E5566B /* SuperTableViewCell.swift in Sources */ = {isa = PBXBuildFile; fileRef = DEE4D4AF26A54A5800E5566B /* SuperTableViewCell.swift */; };
		DEF0553E25BBD31700093261 /* UIWindowPlus.swift in Sources */ = {isa = PBXBuildFile; fileRef = DEF0553D25BBD31700093261 /* UIWindowPlus.swift */; };
		DEF40F5E25B02C2900ADA57D /* UIViewPlus.swift in Sources */ = {isa = PBXBuildFile; fileRef = DEF40F5D25B02C2900ADA57D /* UIViewPlus.swift */; };
		DEFAD78C2615CCA6008CEBE0 /* TextFieldDelegate.swift in Sources */ = {isa = PBXBuildFile; fileRef = DEFAD78B2615CCA6008CEBE0 /* TextFieldDelegate.swift */; };
		DEFFE58E282611DB00BC07EB /* SwiftUIPlayground.swift in Sources */ = {isa = PBXBuildFile; fileRef = DEFFE58D282611DB00BC07EB /* SwiftUIPlayground.swift */; };
/* End PBXBuildFile section */

/* Begin PBXFileReference section */
		0CD71F3324D6707A005FDE67 /* FoundationPlus.swift */ = {isa = PBXFileReference; lastKnownFileType = sourcecode.swift; path = FoundationPlus.swift; sourceTree = "<group>"; };
		3E127E3025FF926100EC8C22 /* UICollectionViewPlus.swift */ = {isa = PBXFileReference; lastKnownFileType = sourcecode.swift; path = UICollectionViewPlus.swift; sourceTree = "<group>"; };
		3E127E3325FF928C00EC8C22 /* UITableViewPlus.swift */ = {isa = PBXFileReference; lastKnownFileType = sourcecode.swift; path = UITableViewPlus.swift; sourceTree = "<group>"; };
		3E17B00326D95AD5004663EC /* ProtocolExtensions.swift */ = {isa = PBXFileReference; lastKnownFileType = sourcecode.swift; path = ProtocolExtensions.swift; sourceTree = "<group>"; };
		3E40F88627E025E200F3005E /* UIZStackView.swift */ = {isa = PBXFileReference; fileEncoding = 4; lastKnownFileType = sourcecode.swift; path = UIZStackView.swift; sourceTree = "<group>"; };
		3E58A84425B5D4D000B0D2E3 /* CGRectPlus.swift */ = {isa = PBXFileReference; lastKnownFileType = sourcecode.swift; path = CGRectPlus.swift; sourceTree = "<group>"; };
		3E58B55625E7D71E0013DE51 /* GlobalFunctions.swift */ = {isa = PBXFileReference; lastKnownFileType = sourcecode.swift; path = GlobalFunctions.swift; sourceTree = "<group>"; };
		3E70EEB026FEB33900C19A78 /* PlaceholderTextView.swift */ = {isa = PBXFileReference; fileEncoding = 4; lastKnownFileType = sourcecode.swift; path = PlaceholderTextView.swift; sourceTree = "<group>"; };
		3E7B586E25AC743A00EE65B7 /* UIColorPlus.swift */ = {isa = PBXFileReference; lastKnownFileType = sourcecode.swift; path = UIColorPlus.swift; sourceTree = "<group>"; };
		3EB2D05025B8770D00C70FE7 /* Constants.swift */ = {isa = PBXFileReference; lastKnownFileType = sourcecode.swift; path = Constants.swift; sourceTree = "<group>"; };
		3EB77DC726B1B1BD0005C7A5 /* UIKitPlus.swift */ = {isa = PBXFileReference; lastKnownFileType = sourcecode.swift; path = UIKitPlus.swift; sourceTree = "<group>"; };
		3EBEDB2525BD9C740067D02F /* UIDevicePlus.swift */ = {isa = PBXFileReference; lastKnownFileType = sourcecode.swift; path = UIDevicePlus.swift; sourceTree = "<group>"; };
		3EC9CEBA27E0E81F00ECFD27 /* UIBackgroundExpendedButton.swift */ = {isa = PBXFileReference; fileEncoding = 4; lastKnownFileType = sourcecode.swift; path = UIBackgroundExpendedButton.swift; sourceTree = "<group>"; };
		3EE208A0285EABCF002B1AF8 /* Operators.swift */ = {isa = PBXFileReference; lastKnownFileType = sourcecode.swift; path = Operators.swift; sourceTree = "<group>"; };
		DE02063C2750D3F500779080 /* DateFormatterPlus.swift */ = {isa = PBXFileReference; lastKnownFileType = sourcecode.swift; path = DateFormatterPlus.swift; sourceTree = "<group>"; };
		DE051780282CA9EC0027FEF3 /* CharacterSetPlus.swift */ = {isa = PBXFileReference; lastKnownFileType = sourcecode.swift; path = CharacterSetPlus.swift; sourceTree = "<group>"; };
		DE0819BC25BAD5D300950784 /* DoublePlus.swift */ = {isa = PBXFileReference; lastKnownFileType = sourcecode.swift; path = DoublePlus.swift; sourceTree = "<group>"; };
		DE09397827003FE400935A0B /* StateMachine.playground */ = {isa = PBXFileReference; lastKnownFileType = file.playground; path = StateMachine.playground; sourceTree = "<group>"; xcLanguageSpecificationIdentifier = xcode.lang.swift; };
		DE12399D26784E6A00AB6B18 /* NumberFormatterPlus.swift */ = {isa = PBXFileReference; lastKnownFileType = sourcecode.swift; path = NumberFormatterPlus.swift; sourceTree = "<group>"; };
		DE12DB50279BCEC100D0FBD2 /* FrameBootcamp.swift */ = {isa = PBXFileReference; lastKnownFileType = sourcecode.swift; path = FrameBootcamp.swift; sourceTree = "<group>"; };
		DE13534426170A7D00903FA3 /* AutoResizeTextView.swift */ = {isa = PBXFileReference; lastKnownFileType = sourcecode.swift; path = AutoResizeTextView.swift; sourceTree = "<group>"; };
		DE16719E25E7935D00BA5CE9 /* GCDTimer.swift */ = {isa = PBXFileReference; lastKnownFileType = sourcecode.swift; path = GCDTimer.swift; sourceTree = "<group>"; };
		DE16F41326B7F479005D1A21 /* Spacer.swift */ = {isa = PBXFileReference; lastKnownFileType = sourcecode.swift; path = Spacer.swift; sourceTree = "<group>"; };
		DE19277D26D791C00009B1A5 /* UIResponderPlus.swift */ = {isa = PBXFileReference; lastKnownFileType = sourcecode.swift; path = UIResponderPlus.swift; sourceTree = "<group>"; };
		DE1D2C2728655ABD00009E12 /* EventManager.swift */ = {isa = PBXFileReference; lastKnownFileType = sourcecode.swift; path = EventManager.swift; sourceTree = "<group>"; };
		DE1D66A52620316500337652 /* UITextInputPlus.swift */ = {isa = PBXFileReference; lastKnownFileType = sourcecode.swift; path = UITextInputPlus.swift; sourceTree = "<group>"; };
		DE1DD9612552B8B700E08A8B /* UIEdgeInsetsPlus.swift */ = {isa = PBXFileReference; lastKnownFileType = sourcecode.swift; path = UIEdgeInsetsPlus.swift; sourceTree = "<group>"; };
		DE1DD9642552B95F00E08A8B /* Protocols.swift */ = {isa = PBXFileReference; fileEncoding = 4; lastKnownFileType = sourcecode.swift; path = Protocols.swift; sourceTree = "<group>"; };
		DE1DD96B2552BA2700E08A8B /* InsetsLabel.swift */ = {isa = PBXFileReference; lastKnownFileType = sourcecode.swift; path = InsetsLabel.swift; sourceTree = "<group>"; };
		DE2326872797DE7800FAB6B8 /* GeometryReaderPractice.swift */ = {isa = PBXFileReference; lastKnownFileType = sourcecode.swift; path = GeometryReaderPractice.swift; sourceTree = "<group>"; };
		DE23268A2797F51E00FAB6B8 /* IntrestingViews.swift */ = {isa = PBXFileReference; fileEncoding = 4; lastKnownFileType = sourcecode.swift; path = IntrestingViews.swift; sourceTree = "<group>"; };
		DE23268D2797F57600FAB6B8 /* ImageSaver.swift */ = {isa = PBXFileReference; fileEncoding = 4; lastKnownFileType = sourcecode.swift; path = ImageSaver.swift; sourceTree = "<group>"; };
		DE23268E2797F57600FAB6B8 /* ImagePicker.swift */ = {isa = PBXFileReference; fileEncoding = 4; lastKnownFileType = sourcecode.swift; path = ImagePicker.swift; sourceTree = "<group>"; };
		DE243812253188CC006CF000 /* UIStackViewPlus.swift */ = {isa = PBXFileReference; lastKnownFileType = sourcecode.swift; path = UIStackViewPlus.swift; sourceTree = "<group>"; };
		DE29E1F52701B4AF008BE81D /* SizeFixedView.swift */ = {isa = PBXFileReference; fileEncoding = 4; lastKnownFileType = sourcecode.swift; path = SizeFixedView.swift; sourceTree = "<group>"; };
		DE2CF0012831EA8400DF55CF /* CustomizeUICollectionViewLayout.swift */ = {isa = PBXFileReference; lastKnownFileType = sourcecode.swift; path = CustomizeUICollectionViewLayout.swift; sourceTree = "<group>"; };
		DE34AF872798FCF900705473 /* TableViewCollectionViewDiffableDataSource.swift */ = {isa = PBXFileReference; lastKnownFileType = sourcecode.swift; path = TableViewCollectionViewDiffableDataSource.swift; sourceTree = "<group>"; };
		DE36450826984BBD001D072C /* PropertyWrappers.swift */ = {isa = PBXFileReference; lastKnownFileType = sourcecode.swift; path = PropertyWrappers.swift; sourceTree = "<group>"; };
		DE4190AE25EF412D00F03D4A /* SwiftUIPlus.swift */ = {isa = PBXFileReference; lastKnownFileType = sourcecode.swift; path = SwiftUIPlus.swift; sourceTree = "<group>"; };
		DE4190B225EF49BA00F03D4A /* SwiftUIPreview.swift */ = {isa = PBXFileReference; lastKnownFileType = sourcecode.swift; path = SwiftUIPreview.swift; sourceTree = "<group>"; };
		DE4190B525EF4E9B00F03D4A /* UIViewControllerPlus.swift */ = {isa = PBXFileReference; lastKnownFileType = sourcecode.swift; path = UIViewControllerPlus.swift; sourceTree = "<group>"; };
		DE4668812848645200595658 /* UIlabelPlus.swift */ = {isa = PBXFileReference; lastKnownFileType = sourcecode.swift; path = UIlabelPlus.swift; sourceTree = "<group>"; };
		DE59921526B27509007A2A77 /* ResultBuilders.swift */ = {isa = PBXFileReference; lastKnownFileType = sourcecode.swift; path = ResultBuilders.swift; sourceTree = "<group>"; };
		DE64BA0A264A2ADA009FA78B /* MyPlayground.playground */ = {isa = PBXFileReference; lastKnownFileType = file.playground; path = MyPlayground.playground; sourceTree = "<group>"; xcLanguageSpecificationIdentifier = xcode.lang.swift; };
		DE66D8A424C7F931003B9206 /* ExtensionDemo.app */ = {isa = PBXFileReference; explicitFileType = wrapper.application; includeInIndex = 0; path = ExtensionDemo.app; sourceTree = BUILT_PRODUCTS_DIR; };
		DE66D8A724C7F931003B9206 /* AppDelegate.swift */ = {isa = PBXFileReference; lastKnownFileType = sourcecode.swift; path = AppDelegate.swift; sourceTree = "<group>"; };
		DE66D8A924C7F931003B9206 /* SceneDelegate.swift */ = {isa = PBXFileReference; lastKnownFileType = sourcecode.swift; path = SceneDelegate.swift; sourceTree = "<group>"; };
		DE66D8AB24C7F931003B9206 /* ViewController.swift */ = {isa = PBXFileReference; lastKnownFileType = sourcecode.swift; path = ViewController.swift; sourceTree = "<group>"; };
		DE66D8AE24C7F931003B9206 /* Base */ = {isa = PBXFileReference; lastKnownFileType = file.storyboard; name = Base; path = Base.lproj/Main.storyboard; sourceTree = "<group>"; };
		DE66D8B024C7F935003B9206 /* Assets.xcassets */ = {isa = PBXFileReference; lastKnownFileType = folder.assetcatalog; path = Assets.xcassets; sourceTree = "<group>"; };
		DE66D8B324C7F935003B9206 /* Base */ = {isa = PBXFileReference; lastKnownFileType = file.storyboard; name = Base; path = Base.lproj/LaunchScreen.storyboard; sourceTree = "<group>"; };
		DE66D8B524C7F935003B9206 /* Info.plist */ = {isa = PBXFileReference; lastKnownFileType = text.plist.xml; path = Info.plist; sourceTree = "<group>"; };
		DE66D8BC24C7F982003B9206 /* UIButtonPlus.swift */ = {isa = PBXFileReference; fileEncoding = 4; lastKnownFileType = sourcecode.swift; path = UIButtonPlus.swift; sourceTree = "<group>"; };
		DE66D8BE24C81432003B9206 /* README.md */ = {isa = PBXFileReference; fileEncoding = 4; lastKnownFileType = net.daringfireball.markdown; name = README.md; path = ../README.md; sourceTree = "<group>"; };
		DE6E14FF24D16A320053CC44 /* UIImagePlus.swift */ = {isa = PBXFileReference; lastKnownFileType = sourcecode.swift; path = UIImagePlus.swift; sourceTree = "<group>"; };
		DE743CCC25A7F9E7001764A5 /* DataPlus.swift */ = {isa = PBXFileReference; lastKnownFileType = sourcecode.swift; path = DataPlus.swift; sourceTree = "<group>"; };
		DE764B77260D745C00AA0956 /* DashLine.swift */ = {isa = PBXFileReference; lastKnownFileType = sourcecode.swift; path = DashLine.swift; sourceTree = "<group>"; };
		DE818FA22844A4CF00E884C5 /* CombinePlus.swift */ = {isa = PBXFileReference; lastKnownFileType = sourcecode.swift; path = CombinePlus.swift; sourceTree = "<group>"; };
		DE818FA52844A5EE00E884C5 /* BaseCoordinator.swift */ = {isa = PBXFileReference; lastKnownFileType = sourcecode.swift; path = BaseCoordinator.swift; sourceTree = "<group>"; };
		DE818FA72844ADB000E884C5 /* BuyViewController.swift */ = {isa = PBXFileReference; lastKnownFileType = sourcecode.swift; path = BuyViewController.swift; sourceTree = "<group>"; };
		DE818FAB2844B34600E884C5 /* BuyCoordinator.swift */ = {isa = PBXFileReference; lastKnownFileType = sourcecode.swift; path = BuyCoordinator.swift; sourceTree = "<group>"; };
		DE818FAD2844BC8F00E884C5 /* MainTabBarController.swift */ = {isa = PBXFileReference; lastKnownFileType = sourcecode.swift; path = MainTabBarController.swift; sourceTree = "<group>"; };
		DE818FB12845E96000E884C5 /* MainCoordinator.swift */ = {isa = PBXFileReference; lastKnownFileType = sourcecode.swift; path = MainCoordinator.swift; sourceTree = "<group>"; };
		DE818FB32845EE0A00E884C5 /* BaseViewController.swift */ = {isa = PBXFileReference; lastKnownFileType = sourcecode.swift; path = BaseViewController.swift; sourceTree = "<group>"; };
		DE8E4F6925DE75320057D456 /* TouchesDelayedScrollView.swift */ = {isa = PBXFileReference; lastKnownFileType = sourcecode.swift; path = TouchesDelayedScrollView.swift; sourceTree = "<group>"; };
		DE93781124D124B200D89D4C /* DispatchOnce.swift */ = {isa = PBXFileReference; lastKnownFileType = sourcecode.swift; path = DispatchOnce.swift; sourceTree = "<group>"; };
		DE93781324D1480300D89D4C /* NSObjectPlus.swift */ = {isa = PBXFileReference; lastKnownFileType = sourcecode.swift; path = NSObjectPlus.swift; sourceTree = "<group>"; };
		DE9453392508A5050082E5E5 /* UIApplicationPlus.swift */ = {isa = PBXFileReference; lastKnownFileType = sourcecode.swift; path = UIApplicationPlus.swift; sourceTree = "<group>"; };
		DE95B8DE26F31E1B00A9FA5D /* AutoResizeCollectionView.swift */ = {isa = PBXFileReference; lastKnownFileType = sourcecode.swift; path = AutoResizeCollectionView.swift; sourceTree = "<group>"; };
		DE9E8D8325C24ED300FB3C46 /* UITabBarItemPlus.swift */ = {isa = PBXFileReference; lastKnownFileType = sourcecode.swift; path = UITabBarItemPlus.swift; sourceTree = "<group>"; };
		DE9E8E0425C5568000FB3C46 /* UIImageViewPlus.swift */ = {isa = PBXFileReference; lastKnownFileType = sourcecode.swift; path = UIImageViewPlus.swift; sourceTree = "<group>"; };
		DE9EF9062852D6DA001CE408 /* CoreBluetoothPlayground.swift */ = {isa = PBXFileReference; lastKnownFileType = sourcecode.swift; path = CoreBluetoothPlayground.swift; sourceTree = "<group>"; };
		DEA34B742511DBE500B4697C /* CGSizePlus.swift */ = {isa = PBXFileReference; lastKnownFileType = sourcecode.swift; path = CGSizePlus.swift; sourceTree = "<group>"; };
		DEB225A025A7182D00859117 /* StringPlus.swift */ = {isa = PBXFileReference; lastKnownFileType = sourcecode.swift; path = StringPlus.swift; sourceTree = "<group>"; };
		DEB225A325A7199300859117 /* DatePlus.swift */ = {isa = PBXFileReference; lastKnownFileType = sourcecode.swift; path = DatePlus.swift; sourceTree = "<group>"; };
		DEB622F825E8995B00702C5E /* CGFloatPlus.swift */ = {isa = PBXFileReference; lastKnownFileType = sourcecode.swift; path = CGFloatPlus.swift; sourceTree = "<group>"; };
		DEB622FB25E899BB00702C5E /* IntPlus.swift */ = {isa = PBXFileReference; lastKnownFileType = sourcecode.swift; path = IntPlus.swift; sourceTree = "<group>"; };
		DEB6E34727633AF100212120 /* NewUIButtonSystem.swift */ = {isa = PBXFileReference; lastKnownFileType = sourcecode.swift; path = NewUIButtonSystem.swift; sourceTree = "<group>"; };
		DEC02208274F253500986DFC /* en */ = {isa = PBXFileReference; lastKnownFileType = text.plist.strings; name = en; path = en.lproj/Main.strings; sourceTree = "<group>"; };
		DED5093927957C9C000AE370 /* CustomLayoutGuilde.swift */ = {isa = PBXFileReference; fileEncoding = 4; lastKnownFileType = sourcecode.swift; path = CustomLayoutGuilde.swift; sourceTree = "<group>"; };
		DEE48CF526AA64D600391508 /* ShadowPlayground.swift */ = {isa = PBXFileReference; lastKnownFileType = sourcecode.swift; path = ShadowPlayground.swift; sourceTree = "<group>"; };
		DEE4D4AF26A54A5800E5566B /* SuperTableViewCell.swift */ = {isa = PBXFileReference; lastKnownFileType = sourcecode.swift; path = SuperTableViewCell.swift; sourceTree = "<group>"; };
		DEF0553D25BBD31700093261 /* UIWindowPlus.swift */ = {isa = PBXFileReference; lastKnownFileType = sourcecode.swift; path = UIWindowPlus.swift; sourceTree = "<group>"; };
		DEF40F5D25B02C2900ADA57D /* UIViewPlus.swift */ = {isa = PBXFileReference; lastKnownFileType = sourcecode.swift; path = UIViewPlus.swift; sourceTree = "<group>"; };
		DEFAD78B2615CCA6008CEBE0 /* TextFieldDelegate.swift */ = {isa = PBXFileReference; lastKnownFileType = sourcecode.swift; path = TextFieldDelegate.swift; sourceTree = "<group>"; };
		DEFFE58D282611DB00BC07EB /* SwiftUIPlayground.swift */ = {isa = PBXFileReference; lastKnownFileType = sourcecode.swift; path = SwiftUIPlayground.swift; sourceTree = "<group>"; };
/* End PBXFileReference section */

/* Begin PBXFrameworksBuildPhase section */
		DE66D8A124C7F931003B9206 /* Frameworks */ = {
			isa = PBXFrameworksBuildPhase;
			buildActionMask = 2147483647;
			files = (
			);
			runOnlyForDeploymentPostprocessing = 0;
		};
/* End PBXFrameworksBuildPhase section */

/* Begin PBXGroup section */
		DE1DD96A2552BA0300E08A8B /* CustomizedControls */ = {
			isa = PBXGroup;
			children = (
				3EC9CEBA27E0E81F00ECFD27 /* UIBackgroundExpendedButton.swift */,
				3E40F88627E025E200F3005E /* UIZStackView.swift */,
				DE1DD96B2552BA2700E08A8B /* InsetsLabel.swift */,
				DE8E4F6925DE75320057D456 /* TouchesDelayedScrollView.swift */,
				DE764B77260D745C00AA0956 /* DashLine.swift */,
				DE13534426170A7D00903FA3 /* AutoResizeTextView.swift */,
				DEE4D4AF26A54A5800E5566B /* SuperTableViewCell.swift */,
				DE16F41326B7F479005D1A21 /* Spacer.swift */,
				DE95B8DE26F31E1B00A9FA5D /* AutoResizeCollectionView.swift */,
				3E70EEB026FEB33900C19A78 /* PlaceholderTextView.swift */,
				DE29E1F52701B4AF008BE81D /* SizeFixedView.swift */,
			);
			path = CustomizedControls;
			sourceTree = "<group>";
		};
		DE2326842797DD6F00FAB6B8 /* SwiftUI */ = {
			isa = PBXGroup;
			children = (
				DEFFE58D282611DB00BC07EB /* SwiftUIPlayground.swift */,
				DE12DB50279BCEC100D0FBD2 /* FrameBootcamp.swift */,
				DED5093927957C9C000AE370 /* CustomLayoutGuilde.swift */,
				DE23268C2797F56400FAB6B8 /* ImagePicker */,
				DE2326892797F50500FAB6B8 /* GeometryReader */,
			);
			path = SwiftUI;
			sourceTree = "<group>";
		};
		DE2326892797F50500FAB6B8 /* GeometryReader */ = {
			isa = PBXGroup;
			children = (
				DE2326872797DE7800FAB6B8 /* GeometryReaderPractice.swift */,
				DE23268A2797F51E00FAB6B8 /* IntrestingViews.swift */,
			);
			path = GeometryReader;
			sourceTree = "<group>";
		};
		DE23268C2797F56400FAB6B8 /* ImagePicker */ = {
			isa = PBXGroup;
			children = (
				DE23268E2797F57600FAB6B8 /* ImagePicker.swift */,
				DE23268D2797F57600FAB6B8 /* ImageSaver.swift */,
			);
			path = ImagePicker;
			sourceTree = "<group>";
		};
		DE2326912797F5A400FAB6B8 /* UIKit */ = {
			isa = PBXGroup;
			children = (
				DEFAD78B2615CCA6008CEBE0 /* TextFieldDelegate.swift */,
				DEB6E34727633AF100212120 /* NewUIButtonSystem.swift */,
				DE34AF872798FCF900705473 /* TableViewCollectionViewDiffableDataSource.swift */,
				DE2CF0012831EA8400DF55CF /* CustomizeUICollectionViewLayout.swift */,
			);
			path = UIKit;
			sourceTree = "<group>";
		};
		DE4190AD25EF411900F03D4A /* SwiftUI */ = {
			isa = PBXGroup;
			children = (
				DE4190AE25EF412D00F03D4A /* SwiftUIPlus.swift */,
			);
			path = SwiftUI;
			sourceTree = "<group>";
		};
		DE4668832848859500595658 /* Controller */ = {
			isa = PBXGroup;
			children = (
				DE818FB32845EE0A00E884C5 /* BaseViewController.swift */,
			);
			path = Controller;
			sourceTree = "<group>";
		};
		DE66D89B24C7F931003B9206 = {
			isa = PBXGroup;
			children = (
				DEFAD78A2615CC55008CEBE0 /* BestPractice */,
				DE66D8A624C7F931003B9206 /* ExtensionDemo */,
				DE818FB52845EE1000E884C5 /* Base */,
				DE66D8BB24C7F982003B9206 /* Extensions */,
				DE66D8A524C7F931003B9206 /* Products */,
				DE66D8BE24C81432003B9206 /* README.md */,
			);
			sourceTree = "<group>";
			usesTabs = 1;
		};
		DE66D8A524C7F931003B9206 /* Products */ = {
			isa = PBXGroup;
			children = (
				DE66D8A424C7F931003B9206 /* ExtensionDemo.app */,
			);
			name = Products;
			sourceTree = "<group>";
		};
		DE66D8A624C7F931003B9206 /* ExtensionDemo */ = {
			isa = PBXGroup;
			children = (
				DE66D8A724C7F931003B9206 /* AppDelegate.swift */,
				DE66D8B024C7F935003B9206 /* Assets.xcassets */,
				DE66D8B524C7F935003B9206 /* Info.plist */,
				DE66D8B224C7F935003B9206 /* LaunchScreen.storyboard */,
				DE66D8AD24C7F931003B9206 /* Main.storyboard */,
				DE66D8A924C7F931003B9206 /* SceneDelegate.swift */,
				DE66D8AB24C7F931003B9206 /* ViewController.swift */,
				DE4190B225EF49BA00F03D4A /* SwiftUIPreview.swift */,
			);
			path = ExtensionDemo;
			sourceTree = "<group>";
		};
		DE66D8BB24C7F982003B9206 /* Extensions */ = {
			isa = PBXGroup;
			children = (
				DE818FA12844A4B300E884C5 /* Combine */,
				DE93781724D1484900D89D4C /* Tools */,
				DE93781624D1483B00D89D4C /* Foundation */,
				DE93781524D1482400D89D4C /* UIKit */,
				DE4190AD25EF411900F03D4A /* SwiftUI */,
				DEA34B762511DC8D00B4697C /* CoreGraphics */,
				DE1DD9642552B95F00E08A8B /* Protocols.swift */,
				3E17B00326D95AD5004663EC /* ProtocolExtensions.swift */,
			);
			name = Extensions;
			path = ../Extensions;
			sourceTree = "<group>";
		};
		DE818FA12844A4B300E884C5 /* Combine */ = {
			isa = PBXGroup;
			children = (
				DE818FA22844A4CF00E884C5 /* CombinePlus.swift */,
			);
			path = Combine;
			sourceTree = "<group>";
		};
		DE818FA42844A5D400E884C5 /* CoordinatorPattern */ = {
			isa = PBXGroup;
			children = (
				DE818FB12845E96000E884C5 /* MainCoordinator.swift */,
				DE818FAB2844B34600E884C5 /* BuyCoordinator.swift */,
				DE818FA72844ADB000E884C5 /* BuyViewController.swift */,
				DE818FAD2844BC8F00E884C5 /* MainTabBarController.swift */,
			);
			path = CoordinatorPattern;
			sourceTree = "<group>";
		};
		DE818FB52845EE1000E884C5 /* Base */ = {
			isa = PBXGroup;
			children = (
				DE818FA52844A5EE00E884C5 /* BaseCoordinator.swift */,
				DE4668832848859500595658 /* Controller */,
			);
			path = Base;
			sourceTree = "<group>";
		};
		DE93781524D1482400D89D4C /* UIKit */ = {
			isa = PBXGroup;
			children = (
				DE9453392508A5050082E5E5 /* UIApplicationPlus.swift */,
				DE66D8BC24C7F982003B9206 /* UIButtonPlus.swift */,
				3E127E3025FF926100EC8C22 /* UICollectionViewPlus.swift */,
				3E7B586E25AC743A00EE65B7 /* UIColorPlus.swift */,
				3EBEDB2525BD9C740067D02F /* UIDevicePlus.swift */,
				DE1DD9612552B8B700E08A8B /* UIEdgeInsetsPlus.swift */,
				DE6E14FF24D16A320053CC44 /* UIImagePlus.swift */,
				DE9E8E0425C5568000FB3C46 /* UIImageViewPlus.swift */,
				3EB77DC726B1B1BD0005C7A5 /* UIKitPlus.swift */,
				DE19277D26D791C00009B1A5 /* UIResponderPlus.swift */,
				DE243812253188CC006CF000 /* UIStackViewPlus.swift */,
				DE9E8D8325C24ED300FB3C46 /* UITabBarItemPlus.swift */,
				3E127E3325FF928C00EC8C22 /* UITableViewPlus.swift */,
				DE1D66A52620316500337652 /* UITextInputPlus.swift */,
				DE4190B525EF4E9B00F03D4A /* UIViewControllerPlus.swift */,
				DEF40F5D25B02C2900ADA57D /* UIViewPlus.swift */,
				DEF0553D25BBD31700093261 /* UIWindowPlus.swift */,
				DE4668812848645200595658 /* UIlabelPlus.swift */,
			);
			path = UIKit;
			sourceTree = "<group>";
		};
		DE93781624D1483B00D89D4C /* Foundation */ = {
			isa = PBXGroup;
			children = (
				DEB622FE25E89A0800702C5E /* Number */,
				DE743CCC25A7F9E7001764A5 /* DataPlus.swift */,
				DEB225A325A7199300859117 /* DatePlus.swift */,
				0CD71F3324D6707A005FDE67 /* FoundationPlus.swift */,
				DE93781324D1480300D89D4C /* NSObjectPlus.swift */,
				DEB225A025A7182D00859117 /* StringPlus.swift */,
				DE12399D26784E6A00AB6B18 /* NumberFormatterPlus.swift */,
				DE02063C2750D3F500779080 /* DateFormatterPlus.swift */,
				DE36450826984BBD001D072C /* PropertyWrappers.swift */,
				DE59921526B27509007A2A77 /* ResultBuilders.swift */,
				DE051780282CA9EC0027FEF3 /* CharacterSetPlus.swift */,
				3EE208A0285EABCF002B1AF8 /* Operators.swift */,
			);
			path = Foundation;
			sourceTree = "<group>";
		};
		DE93781724D1484900D89D4C /* Tools */ = {
			isa = PBXGroup;
			children = (
				DE1DD96A2552BA0300E08A8B /* CustomizedControls */,
				DE93781124D124B200D89D4C /* DispatchOnce.swift */,
				3EB2D05025B8770D00C70FE7 /* Constants.swift */,
				DE16719E25E7935D00BA5CE9 /* GCDTimer.swift */,
				3E58B55625E7D71E0013DE51 /* GlobalFunctions.swift */,
				DE1D2C2728655ABD00009E12 /* EventManager.swift */,
			);
			path = Tools;
			sourceTree = "<group>";
		};
		DE9EF9052852D69A001CE408 /* CoreBluetoothBootcamp */ = {
			isa = PBXGroup;
			children = (
				DE9EF9062852D6DA001CE408 /* CoreBluetoothPlayground.swift */,
			);
			path = CoreBluetoothBootcamp;
			sourceTree = "<group>";
		};
		DEA34B762511DC8D00B4697C /* CoreGraphics */ = {
			isa = PBXGroup;
			children = (
				DEA34B742511DBE500B4697C /* CGSizePlus.swift */,
				3E58A84425B5D4D000B0D2E3 /* CGRectPlus.swift */,
				DEB622F825E8995B00702C5E /* CGFloatPlus.swift */,
			);
			path = CoreGraphics;
			sourceTree = "<group>";
		};
		DEB622FE25E89A0800702C5E /* Number */ = {
			isa = PBXGroup;
			children = (
				DE0819BC25BAD5D300950784 /* DoublePlus.swift */,
				DEB622FB25E899BB00702C5E /* IntPlus.swift */,
			);
			path = Number;
			sourceTree = "<group>";
		};
		DEFAD78A2615CC55008CEBE0 /* BestPractice */ = {
			isa = PBXGroup;
			children = (
				DE9EF9052852D69A001CE408 /* CoreBluetoothBootcamp */,
				DE818FA42844A5D400E884C5 /* CoordinatorPattern */,
				DEE48CF526AA64D600391508 /* ShadowPlayground.swift */,
				DE64BA0A264A2ADA009FA78B /* MyPlayground.playground */,
				DE2326912797F5A400FAB6B8 /* UIKit */,
				DE2326842797DD6F00FAB6B8 /* SwiftUI */,
				DE09397827003FE400935A0B /* StateMachine.playground */,
			);
			path = BestPractice;
			sourceTree = "<group>";
		};
/* End PBXGroup section */

/* Begin PBXNativeTarget section */
		DE66D8A324C7F931003B9206 /* ExtensionDemo */ = {
			isa = PBXNativeTarget;
			buildConfigurationList = DE66D8B824C7F935003B9206 /* Build configuration list for PBXNativeTarget "ExtensionDemo" */;
			buildPhases = (
				DE66D8A024C7F931003B9206 /* Sources */,
				DE66D8A124C7F931003B9206 /* Frameworks */,
				DE66D8A224C7F931003B9206 /* Resources */,
			);
			buildRules = (
			);
			dependencies = (
			);
			name = ExtensionDemo;
			productName = ExtensionDemo;
			productReference = DE66D8A424C7F931003B9206 /* ExtensionDemo.app */;
			productType = "com.apple.product-type.application";
		};
/* End PBXNativeTarget section */

/* Begin PBXProject section */
		DE66D89C24C7F931003B9206 /* Project object */ = {
			isa = PBXProject;
			attributes = {
				LastSwiftUpdateCheck = 1160;
				LastUpgradeCheck = 1230;
				ORGANIZATIONNAME = Choi;
				TargetAttributes = {
					DE66D8A324C7F931003B9206 = {
						CreatedOnToolsVersion = 11.6;
					};
				};
			};
			buildConfigurationList = DE66D89F24C7F931003B9206 /* Build configuration list for PBXProject "ExtensionDemo" */;
			compatibilityVersion = "Xcode 9.3";
			developmentRegion = en;
			hasScannedForEncodings = 0;
			knownRegions = (
				en,
				Base,
			);
			mainGroup = DE66D89B24C7F931003B9206;
			productRefGroup = DE66D8A524C7F931003B9206 /* Products */;
			projectDirPath = "";
			projectRoot = "";
			targets = (
				DE66D8A324C7F931003B9206 /* ExtensionDemo */,
			);
		};
/* End PBXProject section */

/* Begin PBXResourcesBuildPhase section */
		DE66D8A224C7F931003B9206 /* Resources */ = {
			isa = PBXResourcesBuildPhase;
			buildActionMask = 2147483647;
			files = (
				DE66D8B424C7F935003B9206 /* LaunchScreen.storyboard in Resources */,
				DE66D8B124C7F935003B9206 /* Assets.xcassets in Resources */,
				DE66D8BF24C81432003B9206 /* README.md in Resources */,
				DE66D8AF24C7F931003B9206 /* Main.storyboard in Resources */,
			);
			runOnlyForDeploymentPostprocessing = 0;
		};
/* End PBXResourcesBuildPhase section */

/* Begin PBXSourcesBuildPhase section */
		DE66D8A024C7F931003B9206 /* Sources */ = {
			isa = PBXSourcesBuildPhase;
			buildActionMask = 2147483647;
			files = (
				DE94533A2508A5050082E5E5 /* UIApplicationPlus.swift in Sources */,
				3E7B586F25AC743A00EE65B7 /* UIColorPlus.swift in Sources */,
				DE1DD9622552B8B700E08A8B /* UIEdgeInsetsPlus.swift in Sources */,
				DE1DD96C2552BA2800E08A8B /* InsetsLabel.swift in Sources */,
				DE4190B325EF49BA00F03D4A /* SwiftUIPreview.swift in Sources */,
				DE23268B2797F51E00FAB6B8 /* IntrestingViews.swift in Sources */,
				DE818FAE2844BC8F00E884C5 /* MainTabBarController.swift in Sources */,
				3EBEDB2625BD9C740067D02F /* UIDevicePlus.swift in Sources */,
				DE1D66A62620316500337652 /* UITextInputPlus.swift in Sources */,
				DE66D8AC24C7F931003B9206 /* ViewController.swift in Sources */,
				DE2326882797DE7800FAB6B8 /* GeometryReaderPractice.swift in Sources */,
				DEA34B752511DBE500B4697C /* CGSizePlus.swift in Sources */,
				DE1D2C2828655ABD00009E12 /* EventManager.swift in Sources */,
				DEB622F925E8995B00702C5E /* CGFloatPlus.swift in Sources */,
				DE36450926984BBD001D072C /* PropertyWrappers.swift in Sources */,
				DEF40F5E25B02C2900ADA57D /* UIViewPlus.swift in Sources */,
				DE29E1F62701B4AF008BE81D /* SizeFixedView.swift in Sources */,
				DE818FB22845E96000E884C5 /* MainCoordinator.swift in Sources */,
				DE051781282CA9EC0027FEF3 /* CharacterSetPlus.swift in Sources */,
				DEB225A125A7182D00859117 /* StringPlus.swift in Sources */,
				DE9EF9072852D6DA001CE408 /* CoreBluetoothPlayground.swift in Sources */,
				DE818FB42845EE0A00E884C5 /* BaseViewController.swift in Sources */,
				DE818FA62844A5EE00E884C5 /* BaseCoordinator.swift in Sources */,
				3EC9CEBB27E0E81F00ECFD27 /* UIBackgroundExpendedButton.swift in Sources */,
				3E127E3125FF926100EC8C22 /* UICollectionViewPlus.swift in Sources */,
				DEF0553E25BBD31700093261 /* UIWindowPlus.swift in Sources */,
				3EE208A1285EABCF002B1AF8 /* Operators.swift in Sources */,
				DEB6E34827633AF100212120 /* NewUIButtonSystem.swift in Sources */,
				DE12399E26784E6A00AB6B18 /* NumberFormatterPlus.swift in Sources */,
				DE93781424D1480300D89D4C /* NSObjectPlus.swift in Sources */,
				DE66D8BD24C7F982003B9206 /* UIButtonPlus.swift in Sources */,
				0CD71F3424D6707A005FDE67 /* FoundationPlus.swift in Sources */,
				DE818FAC2844B34600E884C5 /* BuyCoordinator.swift in Sources */,
				DE6E150024D16A320053CC44 /* UIImagePlus.swift in Sources */,
				3EB77DC826B1B1BD0005C7A5 /* UIKitPlus.swift in Sources */,
				DE02063D2750D3F500779080 /* DateFormatterPlus.swift in Sources */,
				DE16F41426B7F479005D1A21 /* Spacer.swift in Sources */,
				DE9E8E0525C5568000FB3C46 /* UIImageViewPlus.swift in Sources */,
				DE16719F25E7935D00BA5CE9 /* GCDTimer.swift in Sources */,
				DE19277E26D791C00009B1A5 /* UIResponderPlus.swift in Sources */,
				DE743CCD25A7F9E7001764A5 /* DataPlus.swift in Sources */,
				DEFFE58E282611DB00BC07EB /* SwiftUIPlayground.swift in Sources */,
				DED5093A27957C9C000AE370 /* CustomLayoutGuilde.swift in Sources */,
				DE1DD9652552B95F00E08A8B /* Protocols.swift in Sources */,
				DE66D8A824C7F931003B9206 /* AppDelegate.swift in Sources */,
				DE13534526170A7D00903FA3 /* AutoResizeTextView.swift in Sources */,
				DE12DB51279BCEC100D0FBD2 /* FrameBootcamp.swift in Sources */,
				DE59921626B27509007A2A77 /* ResultBuilders.swift in Sources */,
				DE4190AF25EF412D00F03D4A /* SwiftUIPlus.swift in Sources */,
				DEB225A425A7199300859117 /* DatePlus.swift in Sources */,
				3E17B00426D95AD5004663EC /* ProtocolExtensions.swift in Sources */,
				DE23268F2797F57600FAB6B8 /* ImageSaver.swift in Sources */,
				DE2CF0022831EA8400DF55CF /* CustomizeUICollectionViewLayout.swift in Sources */,
				DEE48CF626AA64D600391508 /* ShadowPlayground.swift in Sources */,
				DE93781224D124B200D89D4C /* DispatchOnce.swift in Sources */,
				DE9E8D8425C24ED300FB3C46 /* UITabBarItemPlus.swift in Sources */,
				DEE4D4B026A54A5800E5566B /* SuperTableViewCell.swift in Sources */,
				DE95B8DF26F31E1B00A9FA5D /* AutoResizeCollectionView.swift in Sources */,
				3E58A84525B5D4D000B0D2E3 /* CGRectPlus.swift in Sources */,
				3E70EEB126FEB33900C19A78 /* PlaceholderTextView.swift in Sources */,
				3E127E3425FF928C00EC8C22 /* UITableViewPlus.swift in Sources */,
				DE66D8AA24C7F931003B9206 /* SceneDelegate.swift in Sources */,
				DEB622FC25E899BB00702C5E /* IntPlus.swift in Sources */,
				3E58B55725E7D71E0013DE51 /* GlobalFunctions.swift in Sources */,
				DE818FA32844A4CF00E884C5 /* CombinePlus.swift in Sources */,
				DE764B78260D745C00AA0956 /* DashLine.swift in Sources */,
				DE243813253188CC006CF000 /* UIStackViewPlus.swift in Sources */,
				DE818FA82844ADB000E884C5 /* BuyViewController.swift in Sources */,
				DE0819BD25BAD5D300950784 /* DoublePlus.swift in Sources */,
				DE34AF882798FCF900705473 /* TableViewCollectionViewDiffableDataSource.swift in Sources */,
				DE4190B625EF4E9B00F03D4A /* UIViewControllerPlus.swift in Sources */,
				DE8E4F6A25DE75320057D456 /* TouchesDelayedScrollView.swift in Sources */,
				DE2326902797F57600FAB6B8 /* ImagePicker.swift in Sources */,
				DE4668822848645300595658 /* UIlabelPlus.swift in Sources */,
				DEFAD78C2615CCA6008CEBE0 /* TextFieldDelegate.swift in Sources */,
				3EB2D05125B8770D00C70FE7 /* Constants.swift in Sources */,
				3E40F88727E025E200F3005E /* UIZStackView.swift in Sources */,
			);
			runOnlyForDeploymentPostprocessing = 0;
		};
/* End PBXSourcesBuildPhase section */

/* Begin PBXVariantGroup section */
		DE66D8AD24C7F931003B9206 /* Main.storyboard */ = {
			isa = PBXVariantGroup;
			children = (
				DE66D8AE24C7F931003B9206 /* Base */,
				DEC02208274F253500986DFC /* en */,
			);
			name = Main.storyboard;
			sourceTree = "<group>";
		};
		DE66D8B224C7F935003B9206 /* LaunchScreen.storyboard */ = {
			isa = PBXVariantGroup;
			children = (
				DE66D8B324C7F935003B9206 /* Base */,
			);
			name = LaunchScreen.storyboard;
			sourceTree = "<group>";
		};
/* End PBXVariantGroup section */

/* Begin XCBuildConfiguration section */
		DE66D8B624C7F935003B9206 /* Debug */ = {
			isa = XCBuildConfiguration;
			buildSettings = {
				ALWAYS_SEARCH_USER_PATHS = NO;
				CLANG_ANALYZER_LOCALIZABILITY_NONLOCALIZED = YES;
				CLANG_ANALYZER_NONNULL = YES;
				CLANG_ANALYZER_NUMBER_OBJECT_CONVERSION = YES_AGGRESSIVE;
				CLANG_CXX_LANGUAGE_STANDARD = "gnu++14";
				CLANG_CXX_LIBRARY = "libc++";
				CLANG_ENABLE_MODULES = YES;
				CLANG_ENABLE_OBJC_ARC = YES;
				CLANG_ENABLE_OBJC_WEAK = YES;
				CLANG_WARN_BLOCK_CAPTURE_AUTORELEASING = YES;
				CLANG_WARN_BOOL_CONVERSION = YES;
				CLANG_WARN_COMMA = YES;
				CLANG_WARN_CONSTANT_CONVERSION = YES;
				CLANG_WARN_DEPRECATED_OBJC_IMPLEMENTATIONS = YES;
				CLANG_WARN_DIRECT_OBJC_ISA_USAGE = YES_ERROR;
				CLANG_WARN_DOCUMENTATION_COMMENTS = YES;
				CLANG_WARN_EMPTY_BODY = YES;
				CLANG_WARN_ENUM_CONVERSION = YES;
				CLANG_WARN_INFINITE_RECURSION = YES;
				CLANG_WARN_INT_CONVERSION = YES;
				CLANG_WARN_NON_LITERAL_NULL_CONVERSION = YES;
				CLANG_WARN_OBJC_IMPLICIT_RETAIN_SELF = YES;
				CLANG_WARN_OBJC_LITERAL_CONVERSION = YES;
				CLANG_WARN_OBJC_ROOT_CLASS = YES_ERROR;
				CLANG_WARN_QUOTED_INCLUDE_IN_FRAMEWORK_HEADER = YES;
				CLANG_WARN_RANGE_LOOP_ANALYSIS = YES;
				CLANG_WARN_STRICT_PROTOTYPES = YES;
				CLANG_WARN_SUSPICIOUS_MOVE = YES;
				CLANG_WARN_UNGUARDED_AVAILABILITY = YES_AGGRESSIVE;
				CLANG_WARN_UNREACHABLE_CODE = YES;
				CLANG_WARN__DUPLICATE_METHOD_MATCH = YES;
				COPY_PHASE_STRIP = NO;
				DEBUG_INFORMATION_FORMAT = dwarf;
				ENABLE_STRICT_OBJC_MSGSEND = YES;
				ENABLE_TESTABILITY = YES;
				GCC_C_LANGUAGE_STANDARD = gnu11;
				GCC_DYNAMIC_NO_PIC = NO;
				GCC_NO_COMMON_BLOCKS = YES;
				GCC_OPTIMIZATION_LEVEL = 0;
				GCC_PREPROCESSOR_DEFINITIONS = (
					"DEBUG=1",
					"$(inherited)",
				);
				GCC_WARN_64_TO_32_BIT_CONVERSION = YES;
				GCC_WARN_ABOUT_RETURN_TYPE = YES_ERROR;
				GCC_WARN_UNDECLARED_SELECTOR = YES;
				GCC_WARN_UNINITIALIZED_AUTOS = YES_AGGRESSIVE;
				GCC_WARN_UNUSED_FUNCTION = YES;
				GCC_WARN_UNUSED_VARIABLE = YES;
				IPHONEOS_DEPLOYMENT_TARGET = 13.0;
				MTL_ENABLE_DEBUG_INFO = INCLUDE_SOURCE;
				MTL_FAST_MATH = YES;
				ONLY_ACTIVE_ARCH = YES;
				SDKROOT = iphoneos;
				SWIFT_ACTIVE_COMPILATION_CONDITIONS = DEBUG;
				SWIFT_OPTIMIZATION_LEVEL = "-Onone";
				SWIFT_VERSION = 5.0;
			};
			name = Debug;
		};
		DE66D8B724C7F935003B9206 /* Release */ = {
			isa = XCBuildConfiguration;
			buildSettings = {
				ALWAYS_SEARCH_USER_PATHS = NO;
				CLANG_ANALYZER_LOCALIZABILITY_NONLOCALIZED = YES;
				CLANG_ANALYZER_NONNULL = YES;
				CLANG_ANALYZER_NUMBER_OBJECT_CONVERSION = YES_AGGRESSIVE;
				CLANG_CXX_LANGUAGE_STANDARD = "gnu++14";
				CLANG_CXX_LIBRARY = "libc++";
				CLANG_ENABLE_MODULES = YES;
				CLANG_ENABLE_OBJC_ARC = YES;
				CLANG_ENABLE_OBJC_WEAK = YES;
				CLANG_WARN_BLOCK_CAPTURE_AUTORELEASING = YES;
				CLANG_WARN_BOOL_CONVERSION = YES;
				CLANG_WARN_COMMA = YES;
				CLANG_WARN_CONSTANT_CONVERSION = YES;
				CLANG_WARN_DEPRECATED_OBJC_IMPLEMENTATIONS = YES;
				CLANG_WARN_DIRECT_OBJC_ISA_USAGE = YES_ERROR;
				CLANG_WARN_DOCUMENTATION_COMMENTS = YES;
				CLANG_WARN_EMPTY_BODY = YES;
				CLANG_WARN_ENUM_CONVERSION = YES;
				CLANG_WARN_INFINITE_RECURSION = YES;
				CLANG_WARN_INT_CONVERSION = YES;
				CLANG_WARN_NON_LITERAL_NULL_CONVERSION = YES;
				CLANG_WARN_OBJC_IMPLICIT_RETAIN_SELF = YES;
				CLANG_WARN_OBJC_LITERAL_CONVERSION = YES;
				CLANG_WARN_OBJC_ROOT_CLASS = YES_ERROR;
				CLANG_WARN_QUOTED_INCLUDE_IN_FRAMEWORK_HEADER = YES;
				CLANG_WARN_RANGE_LOOP_ANALYSIS = YES;
				CLANG_WARN_STRICT_PROTOTYPES = YES;
				CLANG_WARN_SUSPICIOUS_MOVE = YES;
				CLANG_WARN_UNGUARDED_AVAILABILITY = YES_AGGRESSIVE;
				CLANG_WARN_UNREACHABLE_CODE = YES;
				CLANG_WARN__DUPLICATE_METHOD_MATCH = YES;
				COPY_PHASE_STRIP = NO;
				DEBUG_INFORMATION_FORMAT = "dwarf-with-dsym";
				ENABLE_NS_ASSERTIONS = NO;
				ENABLE_STRICT_OBJC_MSGSEND = YES;
				GCC_C_LANGUAGE_STANDARD = gnu11;
				GCC_NO_COMMON_BLOCKS = YES;
				GCC_WARN_64_TO_32_BIT_CONVERSION = YES;
				GCC_WARN_ABOUT_RETURN_TYPE = YES_ERROR;
				GCC_WARN_UNDECLARED_SELECTOR = YES;
				GCC_WARN_UNINITIALIZED_AUTOS = YES_AGGRESSIVE;
				GCC_WARN_UNUSED_FUNCTION = YES;
				GCC_WARN_UNUSED_VARIABLE = YES;
				IPHONEOS_DEPLOYMENT_TARGET = 13.0;
				MTL_ENABLE_DEBUG_INFO = NO;
				MTL_FAST_MATH = YES;
				SDKROOT = iphoneos;
				SWIFT_COMPILATION_MODE = wholemodule;
				SWIFT_OPTIMIZATION_LEVEL = "-O";
				SWIFT_VERSION = 5.0;
				VALIDATE_PRODUCT = YES;
			};
			name = Release;
		};
		DE66D8B924C7F935003B9206 /* Debug */ = {
			isa = XCBuildConfiguration;
			buildSettings = {
				ASSETCATALOG_COMPILER_APPICON_NAME = AppIcon;
				CODE_SIGN_STYLE = Automatic;
				DEVELOPMENT_TEAM = BHNMHSV89W;
				INFOPLIST_FILE = ExtensionDemo/Info.plist;
				IPHONEOS_DEPLOYMENT_TARGET = 13.0;
				LD_RUNPATH_SEARCH_PATHS = (
					"$(inherited)",
					"@executable_path/Frameworks",
				);
				PRODUCT_BUNDLE_IDENTIFIER = test.ExtensionDemo;
				PRODUCT_NAME = "$(TARGET_NAME)";
				TARGETED_DEVICE_FAMILY = "1,2";
			};
			name = Debug;
		};
		DE66D8BA24C7F935003B9206 /* Release */ = {
			isa = XCBuildConfiguration;
			buildSettings = {
				ASSETCATALOG_COMPILER_APPICON_NAME = AppIcon;
				CODE_SIGN_STYLE = Automatic;
				DEVELOPMENT_TEAM = BHNMHSV89W;
				INFOPLIST_FILE = ExtensionDemo/Info.plist;
				IPHONEOS_DEPLOYMENT_TARGET = 13.0;
				LD_RUNPATH_SEARCH_PATHS = (
					"$(inherited)",
					"@executable_path/Frameworks",
				);
				PRODUCT_BUNDLE_IDENTIFIER = test.ExtensionDemo;
				PRODUCT_NAME = "$(TARGET_NAME)";
				TARGETED_DEVICE_FAMILY = "1,2";
			};
			name = Release;
		};
/* End XCBuildConfiguration section */

/* Begin XCConfigurationList section */
		DE66D89F24C7F931003B9206 /* Build configuration list for PBXProject "ExtensionDemo" */ = {
			isa = XCConfigurationList;
			buildConfigurations = (
				DE66D8B624C7F935003B9206 /* Debug */,
				DE66D8B724C7F935003B9206 /* Release */,
			);
			defaultConfigurationIsVisible = 0;
			defaultConfigurationName = Release;
		};
		DE66D8B824C7F935003B9206 /* Build configuration list for PBXNativeTarget "ExtensionDemo" */ = {
			isa = XCConfigurationList;
			buildConfigurations = (
				DE66D8B924C7F935003B9206 /* Debug */,
				DE66D8BA24C7F935003B9206 /* Release */,
			);
			defaultConfigurationIsVisible = 0;
			defaultConfigurationName = Release;
		};
/* End XCConfigurationList section */
	};
	rootObject = DE66D89C24C7F931003B9206 /* Project object */;
}
