// !$*UTF8*$!
{
	archiveVersion = 1;
	classes = {
	};
	objectVersion = 50;
	objects = {

/* Begin PBXBuildFile section */
		DE66D8A824C7F931003B9206 /* AppDelegate.swift in Sources */ = {isa = PBXBuildFile; fileRef = DE66D8A724C7F931003B9206 /* AppDelegate.swift */; };
		DE66D8AA24C7F931003B9206 /* SceneDelegate.swift in Sources */ = {isa = PBXBuildFile; fileRef = DE66D8A924C7F931003B9206 /* SceneDelegate.swift */; };
		DE66D8AC24C7F931003B9206 /* ViewController.swift in Sources */ = {isa = PBXBuildFile; fileRef = DE66D8AB24C7F931003B9206 /* ViewController.swift */; };
		DE66D8AF24C7F931003B9206 /* Main.storyboard in Resources */ = {isa = PBXBuildFile; fileRef = DE66D8AD24C7F931003B9206 /* Main.storyboard */; };
		DE66D8B124C7F935003B9206 /* Assets.xcassets in Resources */ = {isa = PBXBuildFile; fileRef = DE66D8B024C7F935003B9206 /* Assets.xcassets */; };
		DE66D8B424C7F935003B9206 /* LaunchScreen.storyboard in Resources */ = {isa = PBXBuildFile; fileRef = DE66D8B224C7F935003B9206 /* LaunchScreen.storyboard */; };
		DE66D8BD24C7F982003B9206 /* UIButtonPlus.swift in Sources */ = {isa = PBXBuildFile; fileRef = DE66D8BC24C7F982003B9206 /* UIButtonPlus.swift */; };
		DE66D8BF24C81432003B9206 /* README.md in Resources */ = {isa = PBXBuildFile; fileRef = DE66D8BE24C81432003B9206 /* README.md */; };
		DE93781224D124B200D89D4C /* DispatchOnce.swift in Sources */ = {isa = PBXBuildFile; fileRef = DE93781124D124B200D89D4C /* DispatchOnce.swift */; };
		DE93781424D1480300D89D4C /* NSObjectPlus.swift in Sources */ = {isa = PBXBuildFile; fileRef = DE93781324D1480300D89D4C /* NSObjectPlus.swift */; };
/* End PBXBuildFile section */

/* Begin PBXFileReference section */
		DE66D8A424C7F931003B9206 /* ExtensionDemo.app */ = {isa = PBXFileReference; explicitFileType = wrapper.application; includeInIndex = 0; path = ExtensionDemo.app; sourceTree = BUILT_PRODUCTS_DIR; };
		DE66D8A724C7F931003B9206 /* AppDelegate.swift */ = {isa = PBXFileReference; lastKnownFileType = sourcecode.swift; path = AppDelegate.swift; sourceTree = "<group>"; };
		DE66D8A924C7F931003B9206 /* SceneDelegate.swift */ = {isa = PBXFileReference; lastKnownFileType = sourcecode.swift; path = SceneDelegate.swift; sourceTree = "<group>"; };
		DE66D8AB24C7F931003B9206 /* ViewController.swift */ = {isa = PBXFileReference; lastKnownFileType = sourcecode.swift; path = ViewController.swift; sourceTree = "<group>"; };
		DE66D8AE24C7F931003B9206 /* Base */ = {isa = PBXFileReference; lastKnownFileType = file.storyboard; name = Base; path = Base.lproj/Main.storyboard; sourceTree = "<group>"; };
		DE66D8B024C7F935003B9206 /* Assets.xcassets */ = {isa = PBXFileReference; lastKnownFileType = folder.assetcatalog; path = Assets.xcassets; sourceTree = "<group>"; };
		DE66D8B324C7F935003B9206 /* Base */ = {isa = PBXFileReference; lastKnownFileType = file.storyboard; name = Base; path = Base.lproj/LaunchScreen.storyboard; sourceTree = "<group>"; };
		DE66D8B524C7F935003B9206 /* Info.plist */ = {isa = PBXFileReference; lastKnownFileType = text.plist.xml; path = Info.plist; sourceTree = "<group>"; };
		DE66D8BC24C7F982003B9206 /* UIButtonPlus.swift */ = {isa = PBXFileReference; fileEncoding = 4; lastKnownFileType = sourcecode.swift; path = UIButtonPlus.swift; sourceTree = "<group>"; };
		DE66D8BE24C81432003B9206 /* README.md */ = {isa = PBXFileReference; fileEncoding = 4; lastKnownFileType = net.daringfireball.markdown; name = README.md; path = ../README.md; sourceTree = "<group>"; };
		DE93781124D124B200D89D4C /* DispatchOnce.swift */ = {isa = PBXFileReference; lastKnownFileType = sourcecode.swift; path = DispatchOnce.swift; sourceTree = "<group>"; };
		DE93781324D1480300D89D4C /* NSObjectPlus.swift */ = {isa = PBXFileReference; lastKnownFileType = sourcecode.swift; path = NSObjectPlus.swift; sourceTree = "<group>"; };
/* End PBXFileReference section */

/* Begin PBXFrameworksBuildPhase section */
		DE66D8A124C7F931003B9206 /* Frameworks */ = {
			isa = PBXFrameworksBuildPhase;
			buildActionMask = 2147483647;
			files = (
			);
			runOnlyForDeploymentPostprocessing = 0;
		};
/* End PBXFrameworksBuildPhase section */

/* Begin PBXGroup section */
		DE66D89B24C7F931003B9206 = {
			isa = PBXGroup;
			children = (
				DE66D8BE24C81432003B9206 /* README.md */,
				DE66D8BB24C7F982003B9206 /* Extensions */,
				DE66D8A624C7F931003B9206 /* ExtensionDemo */,
				DE66D8A524C7F931003B9206 /* Products */,
			);
			sourceTree = "<group>";
		};
		DE66D8A524C7F931003B9206 /* Products */ = {
			isa = PBXGroup;
			children = (
				DE66D8A424C7F931003B9206 /* ExtensionDemo.app */,
			);
			name = Products;
			sourceTree = "<group>";
		};
		DE66D8A624C7F931003B9206 /* ExtensionDemo */ = {
			isa = PBXGroup;
			children = (
				DE66D8A724C7F931003B9206 /* AppDelegate.swift */,
				DE66D8A924C7F931003B9206 /* SceneDelegate.swift */,
				DE66D8AB24C7F931003B9206 /* ViewController.swift */,
				DE66D8AD24C7F931003B9206 /* Main.storyboard */,
				DE66D8B024C7F935003B9206 /* Assets.xcassets */,
				DE66D8B224C7F935003B9206 /* LaunchScreen.storyboard */,
				DE66D8B524C7F935003B9206 /* Info.plist */,
			);
			path = ExtensionDemo;
			sourceTree = "<group>";
		};
		DE66D8BB24C7F982003B9206 /* Extensions */ = {
			isa = PBXGroup;
			children = (
				DE93781624D1483B00D89D4C /* Foundation */,
				DE93781524D1482400D89D4C /* UIKit */,
				DE93781724D1484900D89D4C /* Tools */,
			);
			name = Extensions;
			path = ../Extensions;
			sourceTree = "<group>";
		};
		DE93781524D1482400D89D4C /* UIKit */ = {
			isa = PBXGroup;
			children = (
				DE66D8BC24C7F982003B9206 /* UIButtonPlus.swift */,
			);
			path = UIKit;
			sourceTree = "<group>";
		};
		DE93781624D1483B00D89D4C /* Foundation */ = {
			isa = PBXGroup;
			children = (
				DE93781324D1480300D89D4C /* NSObjectPlus.swift */,
			);
			path = Foundation;
			sourceTree = "<group>";
		};
		DE93781724D1484900D89D4C /* Tools */ = {
			isa = PBXGroup;
			children = (
				DE93781124D124B200D89D4C /* DispatchOnce.swift */,
			);
			path = Tools;
			sourceTree = "<group>";
		};
/* End PBXGroup section */

/* Begin PBXNativeTarget section */
		DE66D8A324C7F931003B9206 /* ExtensionDemo */ = {
			isa = PBXNativeTarget;
			buildConfigurationList = DE66D8B824C7F935003B9206 /* Build configuration list for PBXNativeTarget "ExtensionDemo" */;
			buildPhases = (
				DE66D8A024C7F931003B9206 /* Sources */,
				DE66D8A124C7F931003B9206 /* Frameworks */,
				DE66D8A224C7F931003B9206 /* Resources */,
			);
			buildRules = (
			);
			dependencies = (
			);
			name = ExtensionDemo;
			productName = ExtensionDemo;
			productReference = DE66D8A424C7F931003B9206 /* ExtensionDemo.app */;
			productType = "com.apple.product-type.application";
		};
/* End PBXNativeTarget section */

/* Begin PBXProject section */
		DE66D89C24C7F931003B9206 /* Project object */ = {
			isa = PBXProject;
			attributes = {
				LastSwiftUpdateCheck = 1160;
				LastUpgradeCheck = 1160;
				ORGANIZATIONNAME = Choi;
				TargetAttributes = {
					DE66D8A324C7F931003B9206 = {
						CreatedOnToolsVersion = 11.6;
					};
				};
			};
			buildConfigurationList = DE66D89F24C7F931003B9206 /* Build configuration list for PBXProject "ExtensionDemo" */;
			compatibilityVersion = "Xcode 9.3";
			developmentRegion = en;
			hasScannedForEncodings = 0;
			knownRegions = (
				en,
				Base,
			);
			mainGroup = DE66D89B24C7F931003B9206;
			productRefGroup = DE66D8A524C7F931003B9206 /* Products */;
			projectDirPath = "";
			projectRoot = "";
			targets = (
				DE66D8A324C7F931003B9206 /* ExtensionDemo */,
			);
		};
/* End PBXProject section */

/* Begin PBXResourcesBuildPhase section */
		DE66D8A224C7F931003B9206 /* Resources */ = {
			isa = PBXResourcesBuildPhase;
			buildActionMask = 2147483647;
			files = (
				DE66D8B424C7F935003B9206 /* LaunchScreen.storyboard in Resources */,
				DE66D8B124C7F935003B9206 /* Assets.xcassets in Resources */,
				DE66D8BF24C81432003B9206 /* README.md in Resources */,
				DE66D8AF24C7F931003B9206 /* Main.storyboard in Resources */,
			);
			runOnlyForDeploymentPostprocessing = 0;
		};
/* End PBXResourcesBuildPhase section */

/* Begin PBXSourcesBuildPhase section */
		DE66D8A024C7F931003B9206 /* Sources */ = {
			isa = PBXSourcesBuildPhase;
			buildActionMask = 2147483647;
			files = (
				DE66D8AC24C7F931003B9206 /* ViewController.swift in Sources */,
				DE93781424D1480300D89D4C /* NSObjectPlus.swift in Sources */,
				DE66D8BD24C7F982003B9206 /* UIButtonPlus.swift in Sources */,
				DE66D8A824C7F931003B9206 /* AppDelegate.swift in Sources */,
				DE93781224D124B200D89D4C /* DispatchOnce.swift in Sources */,
				DE66D8AA24C7F931003B9206 /* SceneDelegate.swift in Sources */,
			);
			runOnlyForDeploymentPostprocessing = 0;
		};
/* End PBXSourcesBuildPhase section */

/* Begin PBXVariantGroup section */
		DE66D8AD24C7F931003B9206 /* Main.storyboard */ = {
			isa = PBXVariantGroup;
			children = (
				DE66D8AE24C7F931003B9206 /* Base */,
			);
			name = Main.storyboard;
			sourceTree = "<group>";
		};
		DE66D8B224C7F935003B9206 /* LaunchScreen.storyboard */ = {
			isa = PBXVariantGroup;
			children = (
				DE66D8B324C7F935003B9206 /* Base */,
			);
			name = LaunchScreen.storyboard;
			sourceTree = "<group>";
		};
/* End PBXVariantGroup section */

/* Begin XCBuildConfiguration section */
		DE66D8B624C7F935003B9206 /* Debug */ = {
			isa = XCBuildConfiguration;
			buildSettings = {
				ALWAYS_SEARCH_USER_PATHS = NO;
				CLANG_ANALYZER_NONNULL = YES;
				CLANG_ANALYZER_NUMBER_OBJECT_CONVERSION = YES_AGGRESSIVE;
				CLANG_CXX_LANGUAGE_STANDARD = "gnu++14";
				CLANG_CXX_LIBRARY = "libc++";
				CLANG_ENABLE_MODULES = YES;
				CLANG_ENABLE_OBJC_ARC = YES;
				CLANG_ENABLE_OBJC_WEAK = YES;
				CLANG_WARN_BLOCK_CAPTURE_AUTORELEASING = YES;
				CLANG_WARN_BOOL_CONVERSION = YES;
				CLANG_WARN_COMMA = YES;
				CLANG_WARN_CONSTANT_CONVERSION = YES;
				CLANG_WARN_DEPRECATED_OBJC_IMPLEMENTATIONS = YES;
				CLANG_WARN_DIRECT_OBJC_ISA_USAGE = YES_ERROR;
				CLANG_WARN_DOCUMENTATION_COMMENTS = YES;
				CLANG_WARN_EMPTY_BODY = YES;
				CLANG_WARN_ENUM_CONVERSION = YES;
				CLANG_WARN_INFINITE_RECURSION = YES;
				CLANG_WARN_INT_CONVERSION = YES;
				CLANG_WARN_NON_LITERAL_NULL_CONVERSION = YES;
				CLANG_WARN_OBJC_IMPLICIT_RETAIN_SELF = YES;
				CLANG_WARN_OBJC_LITERAL_CONVERSION = YES;
				CLANG_WARN_OBJC_ROOT_CLASS = YES_ERROR;
				CLANG_WARN_RANGE_LOOP_ANALYSIS = YES;
				CLANG_WARN_STRICT_PROTOTYPES = YES;
				CLANG_WARN_SUSPICIOUS_MOVE = YES;
				CLANG_WARN_UNGUARDED_AVAILABILITY = YES_AGGRESSIVE;
				CLANG_WARN_UNREACHABLE_CODE = YES;
				CLANG_WARN__DUPLICATE_METHOD_MATCH = YES;
				COPY_PHASE_STRIP = NO;
				DEBUG_INFORMATION_FORMAT = dwarf;
				ENABLE_STRICT_OBJC_MSGSEND = YES;
				ENABLE_TESTABILITY = YES;
				GCC_C_LANGUAGE_STANDARD = gnu11;
				GCC_DYNAMIC_NO_PIC = NO;
				GCC_NO_COMMON_BLOCKS = YES;
				GCC_OPTIMIZATION_LEVEL = 0;
				GCC_PREPROCESSOR_DEFINITIONS = (
					"DEBUG=1",
					"$(inherited)",
				);
				GCC_WARN_64_TO_32_BIT_CONVERSION = YES;
				GCC_WARN_ABOUT_RETURN_TYPE = YES_ERROR;
				GCC_WARN_UNDECLARED_SELECTOR = YES;
				GCC_WARN_UNINITIALIZED_AUTOS = YES_AGGRESSIVE;
				GCC_WARN_UNUSED_FUNCTION = YES;
				GCC_WARN_UNUSED_VARIABLE = YES;
				IPHONEOS_DEPLOYMENT_TARGET = 13.6;
				MTL_ENABLE_DEBUG_INFO = INCLUDE_SOURCE;
				MTL_FAST_MATH = YES;
				ONLY_ACTIVE_ARCH = YES;
				SDKROOT = iphoneos;
				SWIFT_ACTIVE_COMPILATION_CONDITIONS = DEBUG;
				SWIFT_OPTIMIZATION_LEVEL = "-Onone";
			};
			name = Debug;
		};
		DE66D8B724C7F935003B9206 /* Release */ = {
			isa = XCBuildConfiguration;
			buildSettings = {
				ALWAYS_SEARCH_USER_PATHS = NO;
				CLANG_ANALYZER_NONNULL = YES;
				CLANG_ANALYZER_NUMBER_OBJECT_CONVERSION = YES_AGGRESSIVE;
				CLANG_CXX_LANGUAGE_STANDARD = "gnu++14";
				CLANG_CXX_LIBRARY = "libc++";
				CLANG_ENABLE_MODULES = YES;
				CLANG_ENABLE_OBJC_ARC = YES;
				CLANG_ENABLE_OBJC_WEAK = YES;
				CLANG_WARN_BLOCK_CAPTURE_AUTORELEASING = YES;
				CLANG_WARN_BOOL_CONVERSION = YES;
				CLANG_WARN_COMMA = YES;
				CLANG_WARN_CONSTANT_CONVERSION = YES;
				CLANG_WARN_DEPRECATED_OBJC_IMPLEMENTATIONS = YES;
				CLANG_WARN_DIRECT_OBJC_ISA_USAGE = YES_ERROR;
				CLANG_WARN_DOCUMENTATION_COMMENTS = YES;
				CLANG_WARN_EMPTY_BODY = YES;
				CLANG_WARN_ENUM_CONVERSION = YES;
				CLANG_WARN_INFINITE_RECURSION = YES;
				CLANG_WARN_INT_CONVERSION = YES;
				CLANG_WARN_NON_LITERAL_NULL_CONVERSION = YES;
				CLANG_WARN_OBJC_IMPLICIT_RETAIN_SELF = YES;
				CLANG_WARN_OBJC_LITERAL_CONVERSION = YES;
				CLANG_WARN_OBJC_ROOT_CLASS = YES_ERROR;
				CLANG_WARN_RANGE_LOOP_ANALYSIS = YES;
				CLANG_WARN_STRICT_PROTOTYPES = YES;
				CLANG_WARN_SUSPICIOUS_MOVE = YES;
				CLANG_WARN_UNGUARDED_AVAILABILITY = YES_AGGRESSIVE;
				CLANG_WARN_UNREACHABLE_CODE = YES;
				CLANG_WARN__DUPLICATE_METHOD_MATCH = YES;
				COPY_PHASE_STRIP = NO;
				DEBUG_INFORMATION_FORMAT = "dwarf-with-dsym";
				ENABLE_NS_ASSERTIONS = NO;
				ENABLE_STRICT_OBJC_MSGSEND = YES;
				GCC_C_LANGUAGE_STANDARD = gnu11;
				GCC_NO_COMMON_BLOCKS = YES;
				GCC_WARN_64_TO_32_BIT_CONVERSION = YES;
				GCC_WARN_ABOUT_RETURN_TYPE = YES_ERROR;
				GCC_WARN_UNDECLARED_SELECTOR = YES;
				GCC_WARN_UNINITIALIZED_AUTOS = YES_AGGRESSIVE;
				GCC_WARN_UNUSED_FUNCTION = YES;
				GCC_WARN_UNUSED_VARIABLE = YES;
				IPHONEOS_DEPLOYMENT_TARGET = 13.6;
				MTL_ENABLE_DEBUG_INFO = NO;
				MTL_FAST_MATH = YES;
				SDKROOT = iphoneos;
				SWIFT_COMPILATION_MODE = wholemodule;
				SWIFT_OPTIMIZATION_LEVEL = "-O";
				VALIDATE_PRODUCT = YES;
			};
			name = Release;
		};
		DE66D8B924C7F935003B9206 /* Debug */ = {
			isa = XCBuildConfiguration;
			buildSettings = {
				ASSETCATALOG_COMPILER_APPICON_NAME = AppIcon;
				CODE_SIGN_STYLE = Automatic;
				INFOPLIST_FILE = ExtensionDemo/Info.plist;
				LD_RUNPATH_SEARCH_PATHS = (
					"$(inherited)",
					"@executable_path/Frameworks",
				);
				PRODUCT_BUNDLE_IDENTIFIER = test.ExtensionDemo;
				PRODUCT_NAME = "$(TARGET_NAME)";
				SWIFT_VERSION = 5.0;
				TARGETED_DEVICE_FAMILY = "1,2";
			};
			name = Debug;
		};
		DE66D8BA24C7F935003B9206 /* Release */ = {
			isa = XCBuildConfiguration;
			buildSettings = {
				ASSETCATALOG_COMPILER_APPICON_NAME = AppIcon;
				CODE_SIGN_STYLE = Automatic;
				INFOPLIST_FILE = ExtensionDemo/Info.plist;
				LD_RUNPATH_SEARCH_PATHS = (
					"$(inherited)",
					"@executable_path/Frameworks",
				);
				PRODUCT_BUNDLE_IDENTIFIER = test.ExtensionDemo;
				PRODUCT_NAME = "$(TARGET_NAME)";
				SWIFT_VERSION = 5.0;
				TARGETED_DEVICE_FAMILY = "1,2";
			};
			name = Release;
		};
/* End XCBuildConfiguration section */

/* Begin XCConfigurationList section */
		DE66D89F24C7F931003B9206 /* Build configuration list for PBXProject "ExtensionDemo" */ = {
			isa = XCConfigurationList;
			buildConfigurations = (
				DE66D8B624C7F935003B9206 /* Debug */,
				DE66D8B724C7F935003B9206 /* Release */,
			);
			defaultConfigurationIsVisible = 0;
			defaultConfigurationName = Release;
		};
		DE66D8B824C7F935003B9206 /* Build configuration list for PBXNativeTarget "ExtensionDemo" */ = {
			isa = XCConfigurationList;
			buildConfigurations = (
				DE66D8B924C7F935003B9206 /* Debug */,
				DE66D8BA24C7F935003B9206 /* Release */,
			);
			defaultConfigurationIsVisible = 0;
			defaultConfigurationName = Release;
		};
/* End XCConfigurationList section */
	};
	rootObject = DE66D89C24C7F931003B9206 /* Project object */;
}
